// !$*UTF8*$!
{
	archiveVersion = 1;
	classes = {
	};
	objectVersion = 55;
	objects = {

/* Begin PBXBuildFile section */
		9924050D2771139200CF0946 /* AppDelegate.swift in Sources */ = {isa = PBXBuildFile; fileRef = 9924050C2771139200CF0946 /* AppDelegate.swift */; };
		992405192771139400CF0946 /* Assets.xcassets in Resources */ = {isa = PBXBuildFile; fileRef = 992405182771139400CF0946 /* Assets.xcassets */; };
		A027908B27711A4D00D56020 /* Model.swift in Sources */ = {isa = PBXBuildFile; fileRef = A027905127711A4C00D56020 /* Model.swift */; };
		A027908D27711A4D00D56020 /* CoreDataStack.swift in Sources */ = {isa = PBXBuildFile; fileRef = A027905427711A4C00D56020 /* CoreDataStack.swift */; };
		A027908E27711A4D00D56020 /* Model.xcdatamodeld in Sources */ = {isa = PBXBuildFile; fileRef = A027905527711A4C00D56020 /* Model.xcdatamodeld */; };
		A027908F27711A4D00D56020 /* LaunchScreen.storyboard in Resources */ = {isa = PBXBuildFile; fileRef = A027905827711A4C00D56020 /* LaunchScreen.storyboard */; };
		A027909027711A4D00D56020 /* Main.storyboard in Resources */ = {isa = PBXBuildFile; fileRef = A027905A27711A4C00D56020 /* Main.storyboard */; };
		A027909227711A4D00D56020 /* DataSingleton.swift in Sources */ = {isa = PBXBuildFile; fileRef = A027905E27711A4C00D56020 /* DataSingleton.swift */; };
		A027909327711A4D00D56020 /* Request.swift in Sources */ = {isa = PBXBuildFile; fileRef = A027905F27711A4C00D56020 /* Request.swift */; };
		A027909427711A4D00D56020 /* TodayViewControllerDelegate.swift in Sources */ = {isa = PBXBuildFile; fileRef = A027906227711A4C00D56020 /* TodayViewControllerDelegate.swift */; };
		A027909527711A4D00D56020 /* NewRoutineViewController.swift in Sources */ = {isa = PBXBuildFile; fileRef = A027906327711A4C00D56020 /* NewRoutineViewController.swift */; };
		A027909627711A4D00D56020 /* TodayViewController.swift in Sources */ = {isa = PBXBuildFile; fileRef = A027906427711A4C00D56020 /* TodayViewController.swift */; };
		A027909727711A4D00D56020 /* NewRoutineViewControllerDelegate.swift in Sources */ = {isa = PBXBuildFile; fileRef = A027906527711A4C00D56020 /* NewRoutineViewControllerDelegate.swift */; };
		A027909827711A4D00D56020 /* YourRoutineViewController.swift in Sources */ = {isa = PBXBuildFile; fileRef = A027906627711A4C00D56020 /* YourRoutineViewController.swift */; };
		A027909927711A4D00D56020 /* NewProductRoutineViewController.swift in Sources */ = {isa = PBXBuildFile; fileRef = A027906727711A4C00D56020 /* NewProductRoutineViewController.swift */; };
		A027909A27711A4D00D56020 /* SettingsViewController.swift in Sources */ = {isa = PBXBuildFile; fileRef = A027906827711A4C00D56020 /* SettingsViewController.swift */; };
		A027909B27711A4D00D56020 /* ShelfViewController.swift in Sources */ = {isa = PBXBuildFile; fileRef = A027906A27711A4C00D56020 /* ShelfViewController.swift */; };
		A027909C27711A4D00D56020 /* NewProductShelfViewController.swift in Sources */ = {isa = PBXBuildFile; fileRef = A027906B27711A4C00D56020 /* NewProductShelfViewController.swift */; };
		A027909D27711A4D00D56020 /* SkinTypeViewController.swift in Sources */ = {isa = PBXBuildFile; fileRef = A027906D27711A4C00D56020 /* SkinTypeViewController.swift */; };
		A027909E27711A4D00D56020 /* FormViewController.swift in Sources */ = {isa = PBXBuildFile; fileRef = A027906E27711A4C00D56020 /* FormViewController.swift */; };
		A027909F27711A4D00D56020 /* NameViewController.swift in Sources */ = {isa = PBXBuildFile; fileRef = A027906F27711A4C00D56020 /* NameViewController.swift */; };
		A02790A027711A4D00D56020 /* OnboardingViewController.swift in Sources */ = {isa = PBXBuildFile; fileRef = A027907027711A4C00D56020 /* OnboardingViewController.swift */; };
		A02790A127711A4D00D56020 /* ShelfFormViewController.swift in Sources */ = {isa = PBXBuildFile; fileRef = A027907127711A4C00D56020 /* ShelfFormViewController.swift */; };
		A02790A227711A4D00D56020 /* YourDayViewController.swift in Sources */ = {isa = PBXBuildFile; fileRef = A027907227711A4C00D56020 /* YourDayViewController.swift */; };
		A02790A327711A4D00D56020 /* NotificationManager.swift in Sources */ = {isa = PBXBuildFile; fileRef = A027907427711A4C00D56020 /* NotificationManager.swift */; };
		A02790A427711A4D00D56020 /* Identifiers.swift in Sources */ = {isa = PBXBuildFile; fileRef = A027907527711A4C00D56020 /* Identifiers.swift */; };
		A02790A527711A4D00D56020 /* SceneDelegate.swift in Sources */ = {isa = PBXBuildFile; fileRef = A027907627711A4C00D56020 /* SceneDelegate.swift */; };
		A02790A627711A4D00D56020 /* ShelfCell.swift in Sources */ = {isa = PBXBuildFile; fileRef = A027907927711A4D00D56020 /* ShelfCell.swift */; };
		A02790A727711A4D00D56020 /* ShelfFormTableViewCell.swift in Sources */ = {isa = PBXBuildFile; fileRef = A027907A27711A4D00D56020 /* ShelfFormTableViewCell.swift */; };
		A02790A827711A4D00D56020 /* YourRoutineTableViewCell.swift in Sources */ = {isa = PBXBuildFile; fileRef = A027907C27711A4D00D56020 /* YourRoutineTableViewCell.swift */; };
		A02790A927711A4D00D56020 /* AddProductTableViewCell.swift in Sources */ = {isa = PBXBuildFile; fileRef = A027907E27711A4D00D56020 /* AddProductTableViewCell.swift */; };
		A02790AA27711A4D00D56020 /* TaskTableViewCell.swift in Sources */ = {isa = PBXBuildFile; fileRef = A027907F27711A4D00D56020 /* TaskTableViewCell.swift */; };
		A02790AB27711A4D00D56020 /* CircularProgressBarView.swift in Sources */ = {isa = PBXBuildFile; fileRef = A027908127711A4D00D56020 /* CircularProgressBarView.swift */; };
		A02790AC27711A4D00D56020 /* RoutineCollectionViewCell.swift in Sources */ = {isa = PBXBuildFile; fileRef = A027908227711A4D00D56020 /* RoutineCollectionViewCell.swift */; };
		A02790AD27711A4D00D56020 /* SkinRoutineTableViewCell.swift in Sources */ = {isa = PBXBuildFile; fileRef = A027908427711A4D00D56020 /* SkinRoutineTableViewCell.swift */; };
		A02790AE27711A4D00D56020 /* NameTableViewCell.swift in Sources */ = {isa = PBXBuildFile; fileRef = A027908627711A4D00D56020 /* NameTableViewCell.swift */; };
		A02790AF27711A4D00D56020 /* DayTableViewCell.swift in Sources */ = {isa = PBXBuildFile; fileRef = A027908727711A4D00D56020 /* DayTableViewCell.swift */; };
		A02790B027711A4D00D56020 /* SwitchDayTableViewCell.swift in Sources */ = {isa = PBXBuildFile; fileRef = A027908827711A4D00D56020 /* SwitchDayTableViewCell.swift */; };
		A02790B127711A4D00D56020 /* AvatarTableViewCell.swift in Sources */ = {isa = PBXBuildFile; fileRef = A027908927711A4D00D56020 /* AvatarTableViewCell.swift */; };
/* End PBXBuildFile section */

/* Begin PBXFileReference section */
		992405092771139200CF0946 /* Skinfeel.app */ = {isa = PBXFileReference; explicitFileType = wrapper.application; includeInIndex = 0; path = Skinfeel.app; sourceTree = BUILT_PRODUCTS_DIR; };
		9924050C2771139200CF0946 /* AppDelegate.swift */ = {isa = PBXFileReference; lastKnownFileType = sourcecode.swift; path = AppDelegate.swift; sourceTree = "<group>"; };
		992405182771139400CF0946 /* Assets.xcassets */ = {isa = PBXFileReference; lastKnownFileType = folder.assetcatalog; path = Assets.xcassets; sourceTree = "<group>"; };
		9924051D2771139400CF0946 /* Info.plist */ = {isa = PBXFileReference; lastKnownFileType = text.plist.xml; path = Info.plist; sourceTree = "<group>"; };
		A027905127711A4C00D56020 /* Model.swift */ = {isa = PBXFileReference; fileEncoding = 4; lastKnownFileType = sourcecode.swift; path = Model.swift; sourceTree = "<group>"; };
		A027905427711A4C00D56020 /* CoreDataStack.swift */ = {isa = PBXFileReference; fileEncoding = 4; lastKnownFileType = sourcecode.swift; path = CoreDataStack.swift; sourceTree = "<group>"; };
		A027905627711A4C00D56020 /* Skincare.xcdatamodel */ = {isa = PBXFileReference; lastKnownFileType = wrapper.xcdatamodel; path = Skincare.xcdatamodel; sourceTree = "<group>"; };
		A027905927711A4C00D56020 /* Base */ = {isa = PBXFileReference; lastKnownFileType = file.storyboard; name = Base; path = LaunchScreen.storyboard; sourceTree = "<group>"; };
		A027905B27711A4C00D56020 /* Base */ = {isa = PBXFileReference; lastKnownFileType = file.storyboard; name = Base; path = Main.storyboard; sourceTree = "<group>"; };
		A027905E27711A4C00D56020 /* DataSingleton.swift */ = {isa = PBXFileReference; fileEncoding = 4; lastKnownFileType = sourcecode.swift; path = DataSingleton.swift; sourceTree = "<group>"; };
		A027905F27711A4C00D56020 /* Request.swift */ = {isa = PBXFileReference; fileEncoding = 4; lastKnownFileType = sourcecode.swift; path = Request.swift; sourceTree = "<group>"; };
		A027906227711A4C00D56020 /* TodayViewControllerDelegate.swift */ = {isa = PBXFileReference; fileEncoding = 4; lastKnownFileType = sourcecode.swift; path = TodayViewControllerDelegate.swift; sourceTree = "<group>"; };
		A027906327711A4C00D56020 /* NewRoutineViewController.swift */ = {isa = PBXFileReference; fileEncoding = 4; lastKnownFileType = sourcecode.swift; path = NewRoutineViewController.swift; sourceTree = "<group>"; };
		A027906427711A4C00D56020 /* TodayViewController.swift */ = {isa = PBXFileReference; fileEncoding = 4; lastKnownFileType = sourcecode.swift; path = TodayViewController.swift; sourceTree = "<group>"; };
		A027906527711A4C00D56020 /* NewRoutineViewControllerDelegate.swift */ = {isa = PBXFileReference; fileEncoding = 4; lastKnownFileType = sourcecode.swift; path = NewRoutineViewControllerDelegate.swift; sourceTree = "<group>"; };
		A027906627711A4C00D56020 /* YourRoutineViewController.swift */ = {isa = PBXFileReference; fileEncoding = 4; lastKnownFileType = sourcecode.swift; path = YourRoutineViewController.swift; sourceTree = "<group>"; };
		A027906727711A4C00D56020 /* NewProductRoutineViewController.swift */ = {isa = PBXFileReference; fileEncoding = 4; lastKnownFileType = sourcecode.swift; path = NewProductRoutineViewController.swift; sourceTree = "<group>"; };
		A027906827711A4C00D56020 /* SettingsViewController.swift */ = {isa = PBXFileReference; fileEncoding = 4; lastKnownFileType = sourcecode.swift; path = SettingsViewController.swift; sourceTree = "<group>"; };
		A027906A27711A4C00D56020 /* ShelfViewController.swift */ = {isa = PBXFileReference; fileEncoding = 4; lastKnownFileType = sourcecode.swift; path = ShelfViewController.swift; sourceTree = "<group>"; };
		A027906B27711A4C00D56020 /* NewProductShelfViewController.swift */ = {isa = PBXFileReference; fileEncoding = 4; lastKnownFileType = sourcecode.swift; path = NewProductShelfViewController.swift; sourceTree = "<group>"; };
		A027906D27711A4C00D56020 /* SkinTypeViewController.swift */ = {isa = PBXFileReference; fileEncoding = 4; lastKnownFileType = sourcecode.swift; path = SkinTypeViewController.swift; sourceTree = "<group>"; };
		A027906E27711A4C00D56020 /* FormViewController.swift */ = {isa = PBXFileReference; fileEncoding = 4; lastKnownFileType = sourcecode.swift; path = FormViewController.swift; sourceTree = "<group>"; };
		A027906F27711A4C00D56020 /* NameViewController.swift */ = {isa = PBXFileReference; fileEncoding = 4; lastKnownFileType = sourcecode.swift; path = NameViewController.swift; sourceTree = "<group>"; };
		A027907027711A4C00D56020 /* OnboardingViewController.swift */ = {isa = PBXFileReference; fileEncoding = 4; lastKnownFileType = sourcecode.swift; path = OnboardingViewController.swift; sourceTree = "<group>"; };
		A027907127711A4C00D56020 /* ShelfFormViewController.swift */ = {isa = PBXFileReference; fileEncoding = 4; lastKnownFileType = sourcecode.swift; path = ShelfFormViewController.swift; sourceTree = "<group>"; };
		A027907227711A4C00D56020 /* YourDayViewController.swift */ = {isa = PBXFileReference; fileEncoding = 4; lastKnownFileType = sourcecode.swift; path = YourDayViewController.swift; sourceTree = "<group>"; };
		A027907427711A4C00D56020 /* NotificationManager.swift */ = {isa = PBXFileReference; fileEncoding = 4; lastKnownFileType = sourcecode.swift; path = NotificationManager.swift; sourceTree = "<group>"; };
		A027907527711A4C00D56020 /* Identifiers.swift */ = {isa = PBXFileReference; fileEncoding = 4; lastKnownFileType = sourcecode.swift; path = Identifiers.swift; sourceTree = "<group>"; };
		A027907627711A4C00D56020 /* SceneDelegate.swift */ = {isa = PBXFileReference; fileEncoding = 4; lastKnownFileType = sourcecode.swift; name = SceneDelegate.swift; path = "../../../../Desktop/MC4-new-repo copy/Skincare/Skincare/SceneDelegate.swift"; sourceTree = "<group>"; };
		A027907927711A4D00D56020 /* ShelfCell.swift */ = {isa = PBXFileReference; fileEncoding = 4; lastKnownFileType = sourcecode.swift; path = ShelfCell.swift; sourceTree = "<group>"; };
		A027907A27711A4D00D56020 /* ShelfFormTableViewCell.swift */ = {isa = PBXFileReference; fileEncoding = 4; lastKnownFileType = sourcecode.swift; path = ShelfFormTableViewCell.swift; sourceTree = "<group>"; };
		A027907C27711A4D00D56020 /* YourRoutineTableViewCell.swift */ = {isa = PBXFileReference; fileEncoding = 4; lastKnownFileType = sourcecode.swift; path = YourRoutineTableViewCell.swift; sourceTree = "<group>"; };
		A027907E27711A4D00D56020 /* AddProductTableViewCell.swift */ = {isa = PBXFileReference; fileEncoding = 4; lastKnownFileType = sourcecode.swift; path = AddProductTableViewCell.swift; sourceTree = "<group>"; };
		A027907F27711A4D00D56020 /* TaskTableViewCell.swift */ = {isa = PBXFileReference; fileEncoding = 4; lastKnownFileType = sourcecode.swift; path = TaskTableViewCell.swift; sourceTree = "<group>"; };
		A027908127711A4D00D56020 /* CircularProgressBarView.swift */ = {isa = PBXFileReference; fileEncoding = 4; lastKnownFileType = sourcecode.swift; path = CircularProgressBarView.swift; sourceTree = "<group>"; };
		A027908227711A4D00D56020 /* RoutineCollectionViewCell.swift */ = {isa = PBXFileReference; fileEncoding = 4; lastKnownFileType = sourcecode.swift; path = RoutineCollectionViewCell.swift; sourceTree = "<group>"; };
		A027908427711A4D00D56020 /* SkinRoutineTableViewCell.swift */ = {isa = PBXFileReference; fileEncoding = 4; lastKnownFileType = sourcecode.swift; path = SkinRoutineTableViewCell.swift; sourceTree = "<group>"; };
		A027908627711A4D00D56020 /* NameTableViewCell.swift */ = {isa = PBXFileReference; fileEncoding = 4; lastKnownFileType = sourcecode.swift; path = NameTableViewCell.swift; sourceTree = "<group>"; };
		A027908727711A4D00D56020 /* DayTableViewCell.swift */ = {isa = PBXFileReference; fileEncoding = 4; lastKnownFileType = sourcecode.swift; path = DayTableViewCell.swift; sourceTree = "<group>"; };
		A027908827711A4D00D56020 /* SwitchDayTableViewCell.swift */ = {isa = PBXFileReference; fileEncoding = 4; lastKnownFileType = sourcecode.swift; path = SwitchDayTableViewCell.swift; sourceTree = "<group>"; };
		A027908927711A4D00D56020 /* AvatarTableViewCell.swift */ = {isa = PBXFileReference; fileEncoding = 4; lastKnownFileType = sourcecode.swift; path = AvatarTableViewCell.swift; sourceTree = "<group>"; };
/* End PBXFileReference section */

/* Begin PBXFrameworksBuildPhase section */
		992405062771139200CF0946 /* Frameworks */ = {
			isa = PBXFrameworksBuildPhase;
			buildActionMask = 2147483647;
			files = (
			);
			runOnlyForDeploymentPostprocessing = 0;
		};
/* End PBXFrameworksBuildPhase section */

/* Begin PBXGroup section */
		992405002771139200CF0946 = {
			isa = PBXGroup;
			children = (
				9924050B2771139200CF0946 /* Skinfeel */,
				9924050A2771139200CF0946 /* Products */,
			);
			sourceTree = "<group>";
		};
		9924050A2771139200CF0946 /* Products */ = {
			isa = PBXGroup;
			children = (
				992405092771139200CF0946 /* Skinfeel.app */,
			);
			name = Products;
			sourceTree = "<group>";
		};
		9924050B2771139200CF0946 /* Skinfeel */ = {
			isa = PBXGroup;
			children = (
				A027907627711A4C00D56020 /* SceneDelegate.swift */,
				9924050C2771139200CF0946 /* AppDelegate.swift */,
				A027905727711A4C00D56020 /* Base.lproj */,
				A027907727711A4D00D56020 /* Cells */,
				A027905D27711A4C00D56020 /* Controller */,
				A027905327711A4C00D56020 /* CoreData */,
				A027905027711A4C00D56020 /* Model */,
				A027907327711A4C00D56020 /* Notifications */,
				A027906027711A4C00D56020 /* Views */,
				992405182771139400CF0946 /* Assets.xcassets */,
				9924051D2771139400CF0946 /* Info.plist */,
			);
			path = Skinfeel;
			sourceTree = "<group>";
		};
		A027905027711A4C00D56020 /* Model */ = {
			isa = PBXGroup;
			children = (
				A027905127711A4C00D56020 /* Model.swift */,
			);
			name = Model;
			path = "../../../../Desktop/MC4-new-repo copy/Skincare/Skincare/Model";
			sourceTree = "<group>";
		};
		A027905327711A4C00D56020 /* CoreData */ = {
			isa = PBXGroup;
			children = (
				A027905427711A4C00D56020 /* CoreDataStack.swift */,
				A027905527711A4C00D56020 /* Model.xcdatamodeld */,
			);
			name = CoreData;
			path = "../../../../Desktop/MC4-new-repo copy/Skincare/Skincare/CoreData";
			sourceTree = "<group>";
		};
		A027905727711A4C00D56020 /* Base.lproj */ = {
			isa = PBXGroup;
			children = (
				A027905827711A4C00D56020 /* LaunchScreen.storyboard */,
				A027905A27711A4C00D56020 /* Main.storyboard */,
			);
			name = Base.lproj;
			path = "../../../../Desktop/MC4-new-repo copy/Skincare/Skincare/Base.lproj";
			sourceTree = "<group>";
		};
		A027905D27711A4C00D56020 /* Controller */ = {
			isa = PBXGroup;
			children = (
				A027905E27711A4C00D56020 /* DataSingleton.swift */,
				A027905F27711A4C00D56020 /* Request.swift */,
			);
			name = Controller;
			path = "../../../../Desktop/MC4-new-repo copy/Skincare/Skincare/Controller";
			sourceTree = "<group>";
		};
		A027906027711A4C00D56020 /* Views */ = {
			isa = PBXGroup;
			children = (
				A027906127711A4C00D56020 /* Home */,
				A027906927711A4C00D56020 /* Shelf */,
				A027906C27711A4C00D56020 /* Onboarding */,
			);
			name = Views;
			path = "../../../../Desktop/MC4-new-repo copy/Skincare/Skincare/Views";
			sourceTree = "<group>";
		};
		A027906127711A4C00D56020 /* Home */ = {
			isa = PBXGroup;
			children = (
				A027906227711A4C00D56020 /* TodayViewControllerDelegate.swift */,
				A027906327711A4C00D56020 /* NewRoutineViewController.swift */,
				A027906427711A4C00D56020 /* TodayViewController.swift */,
				A027906527711A4C00D56020 /* NewRoutineViewControllerDelegate.swift */,
				A027906627711A4C00D56020 /* YourRoutineViewController.swift */,
				A027906727711A4C00D56020 /* NewProductRoutineViewController.swift */,
				A027906827711A4C00D56020 /* SettingsViewController.swift */,
			);
			path = Home;
			sourceTree = "<group>";
		};
		A027906927711A4C00D56020 /* Shelf */ = {
			isa = PBXGroup;
			children = (
				A027906A27711A4C00D56020 /* ShelfViewController.swift */,
				A027906B27711A4C00D56020 /* NewProductShelfViewController.swift */,
			);
			path = Shelf;
			sourceTree = "<group>";
		};
		A027906C27711A4C00D56020 /* Onboarding */ = {
			isa = PBXGroup;
			children = (
				A027906D27711A4C00D56020 /* SkinTypeViewController.swift */,
				A027906E27711A4C00D56020 /* FormViewController.swift */,
				A027906F27711A4C00D56020 /* NameViewController.swift */,
				A027907027711A4C00D56020 /* OnboardingViewController.swift */,
				A027907127711A4C00D56020 /* ShelfFormViewController.swift */,
				A027907227711A4C00D56020 /* YourDayViewController.swift */,
			);
			path = Onboarding;
			sourceTree = "<group>";
		};
		A027907327711A4C00D56020 /* Notifications */ = {
			isa = PBXGroup;
			children = (
				A027907427711A4C00D56020 /* NotificationManager.swift */,
				A027907527711A4C00D56020 /* Identifiers.swift */,
			);
			name = Notifications;
			path = "../../../../Desktop/MC4-new-repo copy/Skincare/Skincare/Notifications";
			sourceTree = "<group>";
		};
		A027907727711A4D00D56020 /* Cells */ = {
			isa = PBXGroup;
			children = (
				A027907827711A4D00D56020 /* Shelf Cells */,
				A027907B27711A4D00D56020 /* YourRoutine Cells */,
				A027907D27711A4D00D56020 /* NewRoutine Cells */,
				A027908027711A4D00D56020 /* Today Cells */,
				A027908327711A4D00D56020 /* SkinType Cells */,
				A027908527711A4D00D56020 /* Settings Cells */,
			);
			name = Cells;
			path = "../../../../Desktop/MC4-new-repo copy/Skincare/Skincare/Cells";
			sourceTree = "<group>";
		};
		A027907827711A4D00D56020 /* Shelf Cells */ = {
			isa = PBXGroup;
			children = (
				A027907927711A4D00D56020 /* ShelfCell.swift */,
				A027907A27711A4D00D56020 /* ShelfFormTableViewCell.swift */,
			);
			path = "Shelf Cells";
			sourceTree = "<group>";
		};
		A027907B27711A4D00D56020 /* YourRoutine Cells */ = {
			isa = PBXGroup;
			children = (
				A027907C27711A4D00D56020 /* YourRoutineTableViewCell.swift */,
			);
			path = "YourRoutine Cells";
			sourceTree = "<group>";
		};
		A027907D27711A4D00D56020 /* NewRoutine Cells */ = {
			isa = PBXGroup;
			children = (
				A027907E27711A4D00D56020 /* AddProductTableViewCell.swift */,
				A027907F27711A4D00D56020 /* TaskTableViewCell.swift */,
			);
			path = "NewRoutine Cells";
			sourceTree = "<group>";
		};
		A027908027711A4D00D56020 /* Today Cells */ = {
			isa = PBXGroup;
			children = (
				A027908127711A4D00D56020 /* CircularProgressBarView.swift */,
				A027908227711A4D00D56020 /* RoutineCollectionViewCell.swift */,
			);
			path = "Today Cells";
			sourceTree = "<group>";
		};
		A027908327711A4D00D56020 /* SkinType Cells */ = {
			isa = PBXGroup;
			children = (
				A027908427711A4D00D56020 /* SkinRoutineTableViewCell.swift */,
			);
			path = "SkinType Cells";
			sourceTree = "<group>";
		};
		A027908527711A4D00D56020 /* Settings Cells */ = {
			isa = PBXGroup;
			children = (
				A027908627711A4D00D56020 /* NameTableViewCell.swift */,
				A027908727711A4D00D56020 /* DayTableViewCell.swift */,
				A027908827711A4D00D56020 /* SwitchDayTableViewCell.swift */,
				A027908927711A4D00D56020 /* AvatarTableViewCell.swift */,
			);
			path = "Settings Cells";
			sourceTree = "<group>";
		};
/* End PBXGroup section */

/* Begin PBXNativeTarget section */
		992405082771139200CF0946 /* Skinfeel */ = {
			isa = PBXNativeTarget;
			buildConfigurationList = 992405202771139400CF0946 /* Build configuration list for PBXNativeTarget "Skinfeel" */;
			buildPhases = (
				992405052771139200CF0946 /* Sources */,
				992405062771139200CF0946 /* Frameworks */,
				992405072771139200CF0946 /* Resources */,
			);
			buildRules = (
			);
			dependencies = (
			);
			name = Skinfeel;
			productName = Skinfeel;
			productReference = 992405092771139200CF0946 /* Skinfeel.app */;
			productType = "com.apple.product-type.application";
		};
/* End PBXNativeTarget section */

/* Begin PBXProject section */
		992405012771139200CF0946 /* Project object */ = {
			isa = PBXProject;
			attributes = {
				BuildIndependentTargetsInParallel = 1;
				LastSwiftUpdateCheck = 1320;
				LastUpgradeCheck = 1320;
				TargetAttributes = {
					992405082771139200CF0946 = {
						CreatedOnToolsVersion = 13.2;
					};
				};
			};
			buildConfigurationList = 992405042771139200CF0946 /* Build configuration list for PBXProject "Skinfeel" */;
			compatibilityVersion = "Xcode 13.0";
			developmentRegion = en;
			hasScannedForEncodings = 0;
			knownRegions = (
				en,
				Base,
			);
			mainGroup = 992405002771139200CF0946;
			productRefGroup = 9924050A2771139200CF0946 /* Products */;
			projectDirPath = "";
			projectRoot = "";
			targets = (
				992405082771139200CF0946 /* Skinfeel */,
			);
		};
/* End PBXProject section */

/* Begin PBXResourcesBuildPhase section */
		992405072771139200CF0946 /* Resources */ = {
			isa = PBXResourcesBuildPhase;
			buildActionMask = 2147483647;
			files = (
				992405192771139400CF0946 /* Assets.xcassets in Resources */,
				A027909027711A4D00D56020 /* Main.storyboard in Resources */,
				A027908F27711A4D00D56020 /* LaunchScreen.storyboard in Resources */,
			);
			runOnlyForDeploymentPostprocessing = 0;
		};
/* End PBXResourcesBuildPhase section */

/* Begin PBXSourcesBuildPhase section */
		992405052771139200CF0946 /* Sources */ = {
			isa = PBXSourcesBuildPhase;
			buildActionMask = 2147483647;
			files = (
				A027909927711A4D00D56020 /* NewProductRoutineViewController.swift in Sources */,
				A027908D27711A4D00D56020 /* CoreDataStack.swift in Sources */,
				A02790AA27711A4D00D56020 /* TaskTableViewCell.swift in Sources */,
				A02790AE27711A4D00D56020 /* NameTableViewCell.swift in Sources */,
				A027908B27711A4D00D56020 /* Model.swift in Sources */,
				A02790A427711A4D00D56020 /* Identifiers.swift in Sources */,
				A02790B027711A4D00D56020 /* SwitchDayTableViewCell.swift in Sources */,
				A02790A927711A4D00D56020 /* AddProductTableViewCell.swift in Sources */,
				A02790AC27711A4D00D56020 /* RoutineCollectionViewCell.swift in Sources */,
				A02790A227711A4D00D56020 /* YourDayViewController.swift in Sources */,
				A02790A027711A4D00D56020 /* OnboardingViewController.swift in Sources */,
				A02790A327711A4D00D56020 /* NotificationManager.swift in Sources */,
				A027909427711A4D00D56020 /* TodayViewControllerDelegate.swift in Sources */,
				A027909B27711A4D00D56020 /* ShelfViewController.swift in Sources */,
				A027908E27711A4D00D56020 /* Model.xcdatamodeld in Sources */,
				A027909827711A4D00D56020 /* YourRoutineViewController.swift in Sources */,
				A02790A827711A4D00D56020 /* YourRoutineTableViewCell.swift in Sources */,
				A027909E27711A4D00D56020 /* FormViewController.swift in Sources */,
				A027909D27711A4D00D56020 /* SkinTypeViewController.swift in Sources */,
				A02790AD27711A4D00D56020 /* SkinRoutineTableViewCell.swift in Sources */,
				A02790A527711A4D00D56020 /* SceneDelegate.swift in Sources */,
				9924050D2771139200CF0946 /* AppDelegate.swift in Sources */,
				A02790A127711A4D00D56020 /* ShelfFormViewController.swift in Sources */,
				A027909627711A4D00D56020 /* TodayViewController.swift in Sources */,
				A02790AB27711A4D00D56020 /* CircularProgressBarView.swift in Sources */,
				A02790A627711A4D00D56020 /* ShelfCell.swift in Sources */,
				A027909227711A4D00D56020 /* DataSingleton.swift in Sources */,
				A027909527711A4D00D56020 /* NewRoutineViewController.swift in Sources */,
				A027909A27711A4D00D56020 /* SettingsViewController.swift in Sources */,
				A027909327711A4D00D56020 /* Request.swift in Sources */,
				A027909F27711A4D00D56020 /* NameViewController.swift in Sources */,
				A027909C27711A4D00D56020 /* NewProductShelfViewController.swift in Sources */,
				A02790AF27711A4D00D56020 /* DayTableViewCell.swift in Sources */,
				A02790A727711A4D00D56020 /* ShelfFormTableViewCell.swift in Sources */,
				A02790B127711A4D00D56020 /* AvatarTableViewCell.swift in Sources */,
				A027909727711A4D00D56020 /* NewRoutineViewControllerDelegate.swift in Sources */,
			);
			runOnlyForDeploymentPostprocessing = 0;
		};
/* End PBXSourcesBuildPhase section */

/* Begin PBXVariantGroup section */
		A027905827711A4C00D56020 /* LaunchScreen.storyboard */ = {
			isa = PBXVariantGroup;
			children = (
				A027905927711A4C00D56020 /* Base */,
			);
			name = LaunchScreen.storyboard;
			sourceTree = "<group>";
		};
		A027905A27711A4C00D56020 /* Main.storyboard */ = {
			isa = PBXVariantGroup;
			children = (
				A027905B27711A4C00D56020 /* Base */,
			);
			name = Main.storyboard;
			sourceTree = "<group>";
		};
/* End PBXVariantGroup section */

/* Begin XCBuildConfiguration section */
		9924051E2771139400CF0946 /* Debug */ = {
			isa = XCBuildConfiguration;
			buildSettings = {
				ALWAYS_SEARCH_USER_PATHS = NO;
				CLANG_ANALYZER_NONNULL = YES;
				CLANG_ANALYZER_NUMBER_OBJECT_CONVERSION = YES_AGGRESSIVE;
				CLANG_CXX_LANGUAGE_STANDARD = "gnu++17";
				CLANG_CXX_LIBRARY = "libc++";
				CLANG_ENABLE_MODULES = YES;
				CLANG_ENABLE_OBJC_ARC = YES;
				CLANG_ENABLE_OBJC_WEAK = YES;
				CLANG_WARN_BLOCK_CAPTURE_AUTORELEASING = YES;
				CLANG_WARN_BOOL_CONVERSION = YES;
				CLANG_WARN_COMMA = YES;
				CLANG_WARN_CONSTANT_CONVERSION = YES;
				CLANG_WARN_DEPRECATED_OBJC_IMPLEMENTATIONS = YES;
				CLANG_WARN_DIRECT_OBJC_ISA_USAGE = YES_ERROR;
				CLANG_WARN_DOCUMENTATION_COMMENTS = YES;
				CLANG_WARN_EMPTY_BODY = YES;
				CLANG_WARN_ENUM_CONVERSION = YES;
				CLANG_WARN_INFINITE_RECURSION = YES;
				CLANG_WARN_INT_CONVERSION = YES;
				CLANG_WARN_NON_LITERAL_NULL_CONVERSION = YES;
				CLANG_WARN_OBJC_IMPLICIT_RETAIN_SELF = YES;
				CLANG_WARN_OBJC_LITERAL_CONVERSION = YES;
				CLANG_WARN_OBJC_ROOT_CLASS = YES_ERROR;
				CLANG_WARN_QUOTED_INCLUDE_IN_FRAMEWORK_HEADER = YES;
				CLANG_WARN_RANGE_LOOP_ANALYSIS = YES;
				CLANG_WARN_STRICT_PROTOTYPES = YES;
				CLANG_WARN_SUSPICIOUS_MOVE = YES;
				CLANG_WARN_UNGUARDED_AVAILABILITY = YES_AGGRESSIVE;
				CLANG_WARN_UNREACHABLE_CODE = YES;
				CLANG_WARN__DUPLICATE_METHOD_MATCH = YES;
				COPY_PHASE_STRIP = NO;
				DEBUG_INFORMATION_FORMAT = dwarf;
				ENABLE_STRICT_OBJC_MSGSEND = YES;
				ENABLE_TESTABILITY = YES;
				GCC_C_LANGUAGE_STANDARD = gnu11;
				GCC_DYNAMIC_NO_PIC = NO;
				GCC_NO_COMMON_BLOCKS = YES;
				GCC_OPTIMIZATION_LEVEL = 0;
				GCC_PREPROCESSOR_DEFINITIONS = (
					"DEBUG=1",
					"$(inherited)",
				);
				GCC_WARN_64_TO_32_BIT_CONVERSION = YES;
				GCC_WARN_ABOUT_RETURN_TYPE = YES_ERROR;
				GCC_WARN_UNDECLARED_SELECTOR = YES;
				GCC_WARN_UNINITIALIZED_AUTOS = YES_AGGRESSIVE;
				GCC_WARN_UNUSED_FUNCTION = YES;
				GCC_WARN_UNUSED_VARIABLE = YES;
				IPHONEOS_DEPLOYMENT_TARGET = 15.2;
				MTL_ENABLE_DEBUG_INFO = INCLUDE_SOURCE;
				MTL_FAST_MATH = YES;
				ONLY_ACTIVE_ARCH = YES;
				SDKROOT = iphoneos;
				SWIFT_ACTIVE_COMPILATION_CONDITIONS = DEBUG;
				SWIFT_OPTIMIZATION_LEVEL = "-Onone";
			};
			name = Debug;
		};
		9924051F2771139400CF0946 /* Release */ = {
			isa = XCBuildConfiguration;
			buildSettings = {
				ALWAYS_SEARCH_USER_PATHS = NO;
				CLANG_ANALYZER_NONNULL = YES;
				CLANG_ANALYZER_NUMBER_OBJECT_CONVERSION = YES_AGGRESSIVE;
				CLANG_CXX_LANGUAGE_STANDARD = "gnu++17";
				CLANG_CXX_LIBRARY = "libc++";
				CLANG_ENABLE_MODULES = YES;
				CLANG_ENABLE_OBJC_ARC = YES;
				CLANG_ENABLE_OBJC_WEAK = YES;
				CLANG_WARN_BLOCK_CAPTURE_AUTORELEASING = YES;
				CLANG_WARN_BOOL_CONVERSION = YES;
				CLANG_WARN_COMMA = YES;
				CLANG_WARN_CONSTANT_CONVERSION = YES;
				CLANG_WARN_DEPRECATED_OBJC_IMPLEMENTATIONS = YES;
				CLANG_WARN_DIRECT_OBJC_ISA_USAGE = YES_ERROR;
				CLANG_WARN_DOCUMENTATION_COMMENTS = YES;
				CLANG_WARN_EMPTY_BODY = YES;
				CLANG_WARN_ENUM_CONVERSION = YES;
				CLANG_WARN_INFINITE_RECURSION = YES;
				CLANG_WARN_INT_CONVERSION = YES;
				CLANG_WARN_NON_LITERAL_NULL_CONVERSION = YES;
				CLANG_WARN_OBJC_IMPLICIT_RETAIN_SELF = YES;
				CLANG_WARN_OBJC_LITERAL_CONVERSION = YES;
				CLANG_WARN_OBJC_ROOT_CLASS = YES_ERROR;
				CLANG_WARN_QUOTED_INCLUDE_IN_FRAMEWORK_HEADER = YES;
				CLANG_WARN_RANGE_LOOP_ANALYSIS = YES;
				CLANG_WARN_STRICT_PROTOTYPES = YES;
				CLANG_WARN_SUSPICIOUS_MOVE = YES;
				CLANG_WARN_UNGUARDED_AVAILABILITY = YES_AGGRESSIVE;
				CLANG_WARN_UNREACHABLE_CODE = YES;
				CLANG_WARN__DUPLICATE_METHOD_MATCH = YES;
				COPY_PHASE_STRIP = NO;
				DEBUG_INFORMATION_FORMAT = "dwarf-with-dsym";
				ENABLE_NS_ASSERTIONS = NO;
				ENABLE_STRICT_OBJC_MSGSEND = YES;
				GCC_C_LANGUAGE_STANDARD = gnu11;
				GCC_NO_COMMON_BLOCKS = YES;
				GCC_WARN_64_TO_32_BIT_CONVERSION = YES;
				GCC_WARN_ABOUT_RETURN_TYPE = YES_ERROR;
				GCC_WARN_UNDECLARED_SELECTOR = YES;
				GCC_WARN_UNINITIALIZED_AUTOS = YES_AGGRESSIVE;
				GCC_WARN_UNUSED_FUNCTION = YES;
				GCC_WARN_UNUSED_VARIABLE = YES;
				IPHONEOS_DEPLOYMENT_TARGET = 15.2;
				MTL_ENABLE_DEBUG_INFO = NO;
				MTL_FAST_MATH = YES;
				SDKROOT = iphoneos;
				SWIFT_COMPILATION_MODE = wholemodule;
				SWIFT_OPTIMIZATION_LEVEL = "-O";
				VALIDATE_PRODUCT = YES;
			};
			name = Release;
		};
		992405212771139400CF0946 /* Debug */ = {
			isa = XCBuildConfiguration;
			buildSettings = {
				ASSETCATALOG_COMPILER_APPICON_NAME = AppIcon;
				ASSETCATALOG_COMPILER_GLOBAL_ACCENT_COLOR_NAME = AccentColor;
				CODE_SIGN_STYLE = Automatic;
				CURRENT_PROJECT_VERSION = 1;
				DEVELOPMENT_TEAM = 7Y74F655Y8;
				GENERATE_INFOPLIST_FILE = YES;
				INFOPLIST_FILE = Skinfeel/Info.plist;
				INFOPLIST_KEY_UIApplicationSupportsIndirectInputEvents = YES;
				INFOPLIST_KEY_UILaunchStoryboardName = LaunchScreen;
				INFOPLIST_KEY_UIMainStoryboardFile = Main;
				INFOPLIST_KEY_UISupportedInterfaceOrientations_iPad = "UIInterfaceOrientationPortrait UIInterfaceOrientationPortraitUpsideDown UIInterfaceOrientationLandscapeLeft UIInterfaceOrientationLandscapeRight";
				INFOPLIST_KEY_UISupportedInterfaceOrientations_iPhone = "UIInterfaceOrientationPortrait UIInterfaceOrientationLandscapeLeft UIInterfaceOrientationLandscapeRight";
				LD_RUNPATH_SEARCH_PATHS = (
					"$(inherited)",
					"@executable_path/Frameworks",
				);
				MARKETING_VERSION = 1.0;
				PRODUCT_BUNDLE_IDENTIFIER = "by-dev.GabiNamie.Skinfeel";
				PRODUCT_NAME = "$(TARGET_NAME)";
				SWIFT_EMIT_LOC_STRINGS = YES;
				SWIFT_VERSION = 5.0;
				TARGETED_DEVICE_FAMILY = 1;
			};
			name = Debug;
		};
		992405222771139400CF0946 /* Release */ = {
			isa = XCBuildConfiguration;
			buildSettings = {
				ASSETCATALOG_COMPILER_APPICON_NAME = AppIcon;
				ASSETCATALOG_COMPILER_GLOBAL_ACCENT_COLOR_NAME = AccentColor;
				CODE_SIGN_STYLE = Automatic;
				CURRENT_PROJECT_VERSION = 1;
				DEVELOPMENT_TEAM = 7Y74F655Y8;
				GENERATE_INFOPLIST_FILE = YES;
				INFOPLIST_FILE = Skinfeel/Info.plist;
				INFOPLIST_KEY_UIApplicationSupportsIndirectInputEvents = YES;
				INFOPLIST_KEY_UILaunchStoryboardName = LaunchScreen;
				INFOPLIST_KEY_UIMainStoryboardFile = Main;
				INFOPLIST_KEY_UISupportedInterfaceOrientations_iPad = "UIInterfaceOrientationPortrait UIInterfaceOrientationPortraitUpsideDown UIInterfaceOrientationLandscapeLeft UIInterfaceOrientationLandscapeRight";
				INFOPLIST_KEY_UISupportedInterfaceOrientations_iPhone = "UIInterfaceOrientationPortrait UIInterfaceOrientationLandscapeLeft UIInterfaceOrientationLandscapeRight";
				LD_RUNPATH_SEARCH_PATHS = (
					"$(inherited)",
					"@executable_path/Frameworks",
				);
				MARKETING_VERSION = 1.0;
				PRODUCT_BUNDLE_IDENTIFIER = "by-dev.GabiNamie.Skinfeel";
				PRODUCT_NAME = "$(TARGET_NAME)";
				SWIFT_EMIT_LOC_STRINGS = YES;
				SWIFT_VERSION = 5.0;
				TARGETED_DEVICE_FAMILY = 1;
			};
			name = Release;
		};
/* End XCBuildConfiguration section */

/* Begin XCConfigurationList section */
		992405042771139200CF0946 /* Build configuration list for PBXProject "Skinfeel" */ = {
			isa = XCConfigurationList;
			buildConfigurations = (
				9924051E2771139400CF0946 /* Debug */,
				9924051F2771139400CF0946 /* Release */,
			);
			defaultConfigurationIsVisible = 0;
			defaultConfigurationName = Release;
		};
		992405202771139400CF0946 /* Build configuration list for PBXNativeTarget "Skinfeel" */ = {
			isa = XCConfigurationList;
			buildConfigurations = (
				992405212771139400CF0946 /* Debug */,
				992405222771139400CF0946 /* Release */,
			);
			defaultConfigurationIsVisible = 0;
			defaultConfigurationName = Release;
		};
/* End XCConfigurationList section */

/* Begin XCVersionGroup section */
		A027905527711A4C00D56020 /* Model.xcdatamodeld */ = {
			isa = XCVersionGroup;
			children = (
				A027905627711A4C00D56020 /* Skincare.xcdatamodel */,
			);
			currentVersion = A027905627711A4C00D56020 /* Skincare.xcdatamodel */;
			path = Model.xcdatamodeld;
			sourceTree = "<group>";
			versionGroupType = wrapper.xcdatamodel;
		};
/* End XCVersionGroup section */
	};
	rootObject = 992405012771139200CF0946 /* Project object */;
}
