// !$*UTF8*$!
{
	archiveVersion = 1;
	classes = {
	};
	objectVersion = 55;
	objects = {

/* Begin PBXBuildFile section */
		9924050D2771139200CF0946 /* AppDelegate.swift in Sources */ = {isa = PBXBuildFile; fileRef = 9924050C2771139200CF0946 /* AppDelegate.swift */; };
		992405192771139400CF0946 /* Assets.xcassets in Resources */ = {isa = PBXBuildFile; fileRef = 992405182771139400CF0946 /* Assets.xcassets */; };
		9937940D278CC5110096F99F /* SceneDelegate.swift in Sources */ = {isa = PBXBuildFile; fileRef = 9937940C278CC5110096F99F /* SceneDelegate.swift */; };
		99379413278CC5D50096F99F /* CoreDataStack.swift in Sources */ = {isa = PBXBuildFile; fileRef = 99379412278CC5D50096F99F /* CoreDataStack.swift */; };
		9937941A278CC7950096F99F /* Identifiers.swift in Sources */ = {isa = PBXBuildFile; fileRef = 99379419278CC7950096F99F /* Identifiers.swift */; };
		9937941C278CC7BF0096F99F /* NotificationManager.swift in Sources */ = {isa = PBXBuildFile; fileRef = 9937941B278CC7BF0096F99F /* NotificationManager.swift */; };
		99379421278CC8710096F99F /* Model.swift in Sources */ = {isa = PBXBuildFile; fileRef = 99379420278CC8710096F99F /* Model.swift */; };
		99379427278CC9060096F99F /* OnboardingViewController.swift in Sources */ = {isa = PBXBuildFile; fileRef = 99379426278CC9060096F99F /* OnboardingViewController.swift */; };
		99379429278CC9260096F99F /* NameViewController.swift in Sources */ = {isa = PBXBuildFile; fileRef = 99379428278CC9260096F99F /* NameViewController.swift */; };
		9937942B278CC9830096F99F /* FormViewController.swift in Sources */ = {isa = PBXBuildFile; fileRef = 9937942A278CC9830096F99F /* FormViewController.swift */; };
		9937942D278CC9B10096F99F /* SkinTypeViewController.swift in Sources */ = {isa = PBXBuildFile; fileRef = 9937942C278CC9B10096F99F /* SkinTypeViewController.swift */; };
		9937942F278CC9D70096F99F /* ShelfFormViewController.swift in Sources */ = {isa = PBXBuildFile; fileRef = 9937942E278CC9D70096F99F /* ShelfFormViewController.swift */; };
		99379431278CC9FC0096F99F /* YourDayViewController.swift in Sources */ = {isa = PBXBuildFile; fileRef = 99379430278CC9FC0096F99F /* YourDayViewController.swift */; };
		99379433278CCA3E0096F99F /* TodayViewController.swift in Sources */ = {isa = PBXBuildFile; fileRef = 99379432278CCA3E0096F99F /* TodayViewController.swift */; };
		99379435278CCA630096F99F /* TodayViewControllerDelegate.swift in Sources */ = {isa = PBXBuildFile; fileRef = 99379434278CCA630096F99F /* TodayViewControllerDelegate.swift */; };
		99379437278CCA8B0096F99F /* NewRoutineViewController.swift in Sources */ = {isa = PBXBuildFile; fileRef = 99379436278CCA8B0096F99F /* NewRoutineViewController.swift */; };
		99379439278CCAD90096F99F /* NewProductRoutineViewController.swift in Sources */ = {isa = PBXBuildFile; fileRef = 99379438278CCAD90096F99F /* NewProductRoutineViewController.swift */; };
		9937943B278CCB010096F99F /* YourRoutineViewController.swift in Sources */ = {isa = PBXBuildFile; fileRef = 9937943A278CCB010096F99F /* YourRoutineViewController.swift */; };
		9937943D278CCB2D0096F99F /* SettingsViewController.swift in Sources */ = {isa = PBXBuildFile; fileRef = 9937943C278CCB2D0096F99F /* SettingsViewController.swift */; };
		9937943F278CCB6E0096F99F /* YourRoutineViewControllerDelegate.swift in Sources */ = {isa = PBXBuildFile; fileRef = 9937943E278CCB6E0096F99F /* YourRoutineViewControllerDelegate.swift */; };
		99379441278CCB8E0096F99F /* NewRoutineViewControllerDelegate.swift in Sources */ = {isa = PBXBuildFile; fileRef = 99379440278CCB8E0096F99F /* NewRoutineViewControllerDelegate.swift */; };
		99379443278CCBCB0096F99F /* ShelfViewController.swift in Sources */ = {isa = PBXBuildFile; fileRef = 99379442278CCBCB0096F99F /* ShelfViewController.swift */; };
		99379445278CCBEB0096F99F /* NewProductShelfViewController.swift in Sources */ = {isa = PBXBuildFile; fileRef = 99379444278CCBEB0096F99F /* NewProductShelfViewController.swift */; };
		99379448278CCC360096F99F /* Request.swift in Sources */ = {isa = PBXBuildFile; fileRef = 99379447278CCC360096F99F /* Request.swift */; };
		9937944A278CCC5D0096F99F /* DataSingleton.swift in Sources */ = {isa = PBXBuildFile; fileRef = 99379449278CCC5D0096F99F /* DataSingleton.swift */; };
		99379452278CCD150096F99F /* YourRoutineTableViewCell.swift in Sources */ = {isa = PBXBuildFile; fileRef = 99379451278CCD150096F99F /* YourRoutineTableViewCell.swift */; };
		99379454278CCD410096F99F /* RoutineCollectionViewCell.swift in Sources */ = {isa = PBXBuildFile; fileRef = 99379453278CCD410096F99F /* RoutineCollectionViewCell.swift */; };
		99379456278CCD610096F99F /* CircularProgressBarView.swift in Sources */ = {isa = PBXBuildFile; fileRef = 99379455278CCD610096F99F /* CircularProgressBarView.swift */; };
		99379458278CCDD60096F99F /* NameTableViewCell.swift in Sources */ = {isa = PBXBuildFile; fileRef = 99379457278CCDD60096F99F /* NameTableViewCell.swift */; };
		9937945A278CCE020096F99F /* DayTableViewCell.swift in Sources */ = {isa = PBXBuildFile; fileRef = 99379459278CCE020096F99F /* DayTableViewCell.swift */; };
		9937945C278CCE280096F99F /* SwitchDayTableViewCell.swift in Sources */ = {isa = PBXBuildFile; fileRef = 9937945B278CCE280096F99F /* SwitchDayTableViewCell.swift */; };
		9937945E278CCE4E0096F99F /* AvatarTableViewCell.swift in Sources */ = {isa = PBXBuildFile; fileRef = 9937945D278CCE4E0096F99F /* AvatarTableViewCell.swift */; };
		99379461278CCEAA0096F99F /* SkinRoutineTableViewCell.swift in Sources */ = {isa = PBXBuildFile; fileRef = 99379460278CCEAA0096F99F /* SkinRoutineTableViewCell.swift */; };
		99379463278CCED40096F99F /* TaskTableViewCell.swift in Sources */ = {isa = PBXBuildFile; fileRef = 99379462278CCED40096F99F /* TaskTableViewCell.swift */; };
		99379465278CCEFC0096F99F /* AddProductTableViewCell.swift in Sources */ = {isa = PBXBuildFile; fileRef = 99379464278CCEFC0096F99F /* AddProductTableViewCell.swift */; };
		99379467278CCF1D0096F99F /* ShelfCell.swift in Sources */ = {isa = PBXBuildFile; fileRef = 99379466278CCF1D0096F99F /* ShelfCell.swift */; };
		99379469278CCF450096F99F /* ShelfFormTableViewCell.swift in Sources */ = {isa = PBXBuildFile; fileRef = 99379468278CCF450096F99F /* ShelfFormTableViewCell.swift */; };
		99C9B52E2795F3AB00048C33 /* AppDelegate.swift in Sources */ = {isa = PBXBuildFile; fileRef = 99C9B52D2795F3AB00048C33 /* AppDelegate.swift */; };
		99C9B5302795F3AB00048C33 /* SceneDelegate.swift in Sources */ = {isa = PBXBuildFile; fileRef = 99C9B52F2795F3AB00048C33 /* SceneDelegate.swift */; };
		99C9B5322795F3AB00048C33 /* ViewController.swift in Sources */ = {isa = PBXBuildFile; fileRef = 99C9B5312795F3AB00048C33 /* ViewController.swift */; };
		99C9B5352795F3AB00048C33 /* Main.storyboard in Resources */ = {isa = PBXBuildFile; fileRef = 99C9B5332795F3AB00048C33 /* Main.storyboard */; };
		99C9B5382795F3AB00048C33 /* SkinfeelPartial.xcdatamodeld in Sources */ = {isa = PBXBuildFile; fileRef = 99C9B5362795F3AB00048C33 /* SkinfeelPartial.xcdatamodeld */; };
		99C9B53A2795F3AE00048C33 /* Assets.xcassets in Resources */ = {isa = PBXBuildFile; fileRef = 99C9B5392795F3AE00048C33 /* Assets.xcassets */; };
		99C9B53D2795F3AE00048C33 /* LaunchScreen.storyboard in Resources */ = {isa = PBXBuildFile; fileRef = 99C9B53B2795F3AE00048C33 /* LaunchScreen.storyboard */; };
		99C9B5422795F3AE00048C33 /* SkinfeelPartial.app in Embed App Clips */ = {isa = PBXBuildFile; fileRef = 99C9B52B2795F3AB00048C33 /* SkinfeelPartial.app */; settings = {ATTRIBUTES = (RemoveHeadersOnCopy, ); }; };
		A03642F4279B3E35002606DC /* FeedViewController.swift in Sources */ = {isa = PBXBuildFile; fileRef = A03642F3279B3E35002606DC /* FeedViewController.swift */; };
		A03642F6279B3E7B002606DC /* HighlightedCollectionViewCell.swift in Sources */ = {isa = PBXBuildFile; fileRef = A03642F5279B3E7B002606DC /* HighlightedCollectionViewCell.swift */; };
		A03642F8279B673F002606DC /* SuggestedCollectionViewCell.swift in Sources */ = {isa = PBXBuildFile; fileRef = A03642F7279B673F002606DC /* SuggestedCollectionViewCell.swift */; };
		A03642FC27A0569A002606DC /* Card.swift in Sources */ = {isa = PBXBuildFile; fileRef = A03642FB27A0569A002606DC /* Card.swift */; };
		A03642FE27A0574B002606DC /* ReadContent.swift in Sources */ = {isa = PBXBuildFile; fileRef = A03642FD27A0574B002606DC /* ReadContent.swift */; };
		A036430227A06FCE002606DC /* cards.json in Resources */ = {isa = PBXBuildFile; fileRef = A036430127A06FCE002606DC /* cards.json */; };
		A036430727A076AC002606DC /* HighlightedCollectionViewDelegate.swift in Sources */ = {isa = PBXBuildFile; fileRef = A036430627A076AC002606DC /* HighlightedCollectionViewDelegate.swift */; };
		A036430A27A076BF002606DC /* HighlightedCollectionViewDataSource.swift in Sources */ = {isa = PBXBuildFile; fileRef = A036430927A076BF002606DC /* HighlightedCollectionViewDataSource.swift */; };
		A036430E27A080D4002606DC /* SuggestedCollectionViewDelegate.swift in Sources */ = {isa = PBXBuildFile; fileRef = A036430D27A080D4002606DC /* SuggestedCollectionViewDelegate.swift */; };
		A036431027A08172002606DC /* NewsCollectionViewCell.swift in Sources */ = {isa = PBXBuildFile; fileRef = A036430F27A08172002606DC /* NewsCollectionViewCell.swift */; };
		A036431227A08183002606DC /* NewsCollectionViewDelegate.swift in Sources */ = {isa = PBXBuildFile; fileRef = A036431127A08183002606DC /* NewsCollectionViewDelegate.swift */; };
		A036431427A08191002606DC /* NewsCollectionViewDataSource.swift in Sources */ = {isa = PBXBuildFile; fileRef = A036431327A08191002606DC /* NewsCollectionViewDataSource.swift */; };
		A036431527A0907A002606DC /* FeedViewController.swift in Sources */ = {isa = PBXBuildFile; fileRef = A03642F3279B3E35002606DC /* FeedViewController.swift */; };
		A036431627A09080002606DC /* ReadContent.swift in Sources */ = {isa = PBXBuildFile; fileRef = A03642FD27A0574B002606DC /* ReadContent.swift */; };
		A036431727A09084002606DC /* Card.swift in Sources */ = {isa = PBXBuildFile; fileRef = A03642FB27A0569A002606DC /* Card.swift */; };
		A036431827A09086002606DC /* cards.json in Resources */ = {isa = PBXBuildFile; fileRef = A036430127A06FCE002606DC /* cards.json */; };
		A036431927A09089002606DC /* NewsCollectionViewCell.swift in Sources */ = {isa = PBXBuildFile; fileRef = A036430F27A08172002606DC /* NewsCollectionViewCell.swift */; };
		A036431A27A0908B002606DC /* NewsCollectionViewDelegate.swift in Sources */ = {isa = PBXBuildFile; fileRef = A036431127A08183002606DC /* NewsCollectionViewDelegate.swift */; };
		A036431B27A0908E002606DC /* NewsCollectionViewDataSource.swift in Sources */ = {isa = PBXBuildFile; fileRef = A036431327A08191002606DC /* NewsCollectionViewDataSource.swift */; };
		A036431C27A09093002606DC /* HighlightedCollectionViewCell.swift in Sources */ = {isa = PBXBuildFile; fileRef = A03642F5279B3E7B002606DC /* HighlightedCollectionViewCell.swift */; };
		A036431D27A09095002606DC /* HighlightedCollectionViewDelegate.swift in Sources */ = {isa = PBXBuildFile; fileRef = A036430627A076AC002606DC /* HighlightedCollectionViewDelegate.swift */; };
		A036431E27A09097002606DC /* HighlightedCollectionViewDataSource.swift in Sources */ = {isa = PBXBuildFile; fileRef = A036430927A076BF002606DC /* HighlightedCollectionViewDataSource.swift */; };
		A036431F27A0909A002606DC /* SuggestedCollectionViewCell.swift in Sources */ = {isa = PBXBuildFile; fileRef = A03642F7279B673F002606DC /* SuggestedCollectionViewCell.swift */; };
		A036432127A0909E002606DC /* SuggestedCollectionViewDelegate.swift in Sources */ = {isa = PBXBuildFile; fileRef = A036430D27A080D4002606DC /* SuggestedCollectionViewDelegate.swift */; };
		A036432327A090D4002606DC /* SuggestedCollectionViewDataSource.swift in Sources */ = {isa = PBXBuildFile; fileRef = A036432227A090D4002606DC /* SuggestedCollectionViewDataSource.swift */; };
		A036432427A090FA002606DC /* SuggestedCollectionViewDataSource.swift in Sources */ = {isa = PBXBuildFile; fileRef = A036432227A090D4002606DC /* SuggestedCollectionViewDataSource.swift */; };
		A036432527A09186002606DC /* Assets.xcassets in Resources */ = {isa = PBXBuildFile; fileRef = 992405182771139400CF0946 /* Assets.xcassets */; };
		A036432827A0F8AD002606DC /* crueltyFree.json in Resources */ = {isa = PBXBuildFile; fileRef = A036432727A0F8AD002606DC /* crueltyFree.json */; };
		A036432A27A1B14D002606DC /* ExploreViewController.swift in Sources */ = {isa = PBXBuildFile; fileRef = A036432927A1B14D002606DC /* ExploreViewController.swift */; };
		A036432B27A1B1F2002606DC /* ExploreViewController.swift in Sources */ = {isa = PBXBuildFile; fileRef = A036432927A1B14D002606DC /* ExploreViewController.swift */; };
		A036432E27A1B4DE002606DC /* ExploreCollectionViewCell.swift in Sources */ = {isa = PBXBuildFile; fileRef = A036432D27A1B4DE002606DC /* ExploreCollectionViewCell.swift */; };
		A036433227A1B4FC002606DC /* ExploreCollectionViewDataSource.swift in Sources */ = {isa = PBXBuildFile; fileRef = A036433127A1B4FC002606DC /* ExploreCollectionViewDataSource.swift */; };
		A036433327A1B7D4002606DC /* ExploreCollectionViewCell.swift in Sources */ = {isa = PBXBuildFile; fileRef = A036432D27A1B4DE002606DC /* ExploreCollectionViewCell.swift */; };
		A036433527A1B7D8002606DC /* ExploreCollectionViewDataSource.swift in Sources */ = {isa = PBXBuildFile; fileRef = A036433127A1B4FC002606DC /* ExploreCollectionViewDataSource.swift */; };
		A036433827A1B841002606DC /* ExploreCollectionViewDelegate.swift in Sources */ = {isa = PBXBuildFile; fileRef = A036433727A1B841002606DC /* ExploreCollectionViewDelegate.swift */; };
		A036433927A1B841002606DC /* ExploreCollectionViewDelegate.swift in Sources */ = {isa = PBXBuildFile; fileRef = A036433727A1B841002606DC /* ExploreCollectionViewDelegate.swift */; };
		A036433B27A1BDE6002606DC /* pelenegra.json in Resources */ = {isa = PBXBuildFile; fileRef = A036433A27A1BDE6002606DC /* pelenegra.json */; };
		A036433C27A1BDE6002606DC /* pelenegra.json in Resources */ = {isa = PBXBuildFile; fileRef = A036433A27A1BDE6002606DC /* pelenegra.json */; };
		A036433E27A1BDF1002606DC /* coreana.json in Resources */ = {isa = PBXBuildFile; fileRef = A036433D27A1BDF1002606DC /* coreana.json */; };
		A036433F27A1BDF1002606DC /* coreana.json in Resources */ = {isa = PBXBuildFile; fileRef = A036433D27A1BDF1002606DC /* coreana.json */; };
		A036434127A1BDFD002606DC /* formen.json in Resources */ = {isa = PBXBuildFile; fileRef = A036434027A1BDFD002606DC /* formen.json */; };
		A036434227A1BDFD002606DC /* formen.json in Resources */ = {isa = PBXBuildFile; fileRef = A036434027A1BDFD002606DC /* formen.json */; };
		A036434327A1BFA1002606DC /* crueltyFree.json in Resources */ = {isa = PBXBuildFile; fileRef = A036432727A0F8AD002606DC /* crueltyFree.json */; };
		A050417A278CDE1600BCF86C /* CoreDataModel.xcdatamodeld in Sources */ = {isa = PBXBuildFile; fileRef = A0504178278CDE1600BCF86C /* CoreDataModel.xcdatamodeld */; };
		A050417D278CDEAA00BCF86C /* Main.storyboard in Resources */ = {isa = PBXBuildFile; fileRef = A050417B278CDEAA00BCF86C /* Main.storyboard */; };
		A050417E278CDEAA00BCF86C /* LaunchScreen.storyboard in Resources */ = {isa = PBXBuildFile; fileRef = A050417C278CDEAA00BCF86C /* LaunchScreen.storyboard */; };
/* End PBXBuildFile section */

/* Begin PBXContainerItemProxy section */
		99C9B5402795F3AE00048C33 /* PBXContainerItemProxy */ = {
			isa = PBXContainerItemProxy;
			containerPortal = 992405012771139200CF0946 /* Project object */;
			proxyType = 1;
			remoteGlobalIDString = 99C9B52A2795F3AB00048C33;
			remoteInfo = SkinfeelPartial;
		};
/* End PBXContainerItemProxy section */

/* Begin PBXCopyFilesBuildPhase section */
		99C9B5232795F1BF00048C33 /* Embed App Clips */ = {
			isa = PBXCopyFilesBuildPhase;
			buildActionMask = 2147483647;
			dstPath = "$(CONTENTS_FOLDER_PATH)/AppClips";
			dstSubfolderSpec = 16;
			files = (
				99C9B5422795F3AE00048C33 /* SkinfeelPartial.app in Embed App Clips */,
			);
			name = "Embed App Clips";
			runOnlyForDeploymentPostprocessing = 0;
		};
/* End PBXCopyFilesBuildPhase section */

/* Begin PBXFileReference section */
		992405092771139200CF0946 /* Skinfeel.app */ = {isa = PBXFileReference; explicitFileType = wrapper.application; includeInIndex = 0; path = Skinfeel.app; sourceTree = BUILT_PRODUCTS_DIR; };
		9924050C2771139200CF0946 /* AppDelegate.swift */ = {isa = PBXFileReference; lastKnownFileType = sourcecode.swift; path = AppDelegate.swift; sourceTree = "<group>"; };
		992405182771139400CF0946 /* Assets.xcassets */ = {isa = PBXFileReference; lastKnownFileType = folder.assetcatalog; path = Assets.xcassets; sourceTree = "<group>"; };
		9924051D2771139400CF0946 /* Info.plist */ = {isa = PBXFileReference; lastKnownFileType = text.plist.xml; path = Info.plist; sourceTree = "<group>"; };
		9937940C278CC5110096F99F /* SceneDelegate.swift */ = {isa = PBXFileReference; lastKnownFileType = sourcecode.swift; path = SceneDelegate.swift; sourceTree = "<group>"; };
		99379412278CC5D50096F99F /* CoreDataStack.swift */ = {isa = PBXFileReference; lastKnownFileType = sourcecode.swift; path = CoreDataStack.swift; sourceTree = "<group>"; };
		99379419278CC7950096F99F /* Identifiers.swift */ = {isa = PBXFileReference; lastKnownFileType = sourcecode.swift; path = Identifiers.swift; sourceTree = "<group>"; };
		9937941B278CC7BF0096F99F /* NotificationManager.swift */ = {isa = PBXFileReference; lastKnownFileType = sourcecode.swift; path = NotificationManager.swift; sourceTree = "<group>"; };
		99379420278CC8710096F99F /* Model.swift */ = {isa = PBXFileReference; lastKnownFileType = sourcecode.swift; path = Model.swift; sourceTree = "<group>"; };
		99379426278CC9060096F99F /* OnboardingViewController.swift */ = {isa = PBXFileReference; lastKnownFileType = sourcecode.swift; path = OnboardingViewController.swift; sourceTree = "<group>"; };
		99379428278CC9260096F99F /* NameViewController.swift */ = {isa = PBXFileReference; lastKnownFileType = sourcecode.swift; path = NameViewController.swift; sourceTree = "<group>"; };
		9937942A278CC9830096F99F /* FormViewController.swift */ = {isa = PBXFileReference; lastKnownFileType = sourcecode.swift; path = FormViewController.swift; sourceTree = "<group>"; };
		9937942C278CC9B10096F99F /* SkinTypeViewController.swift */ = {isa = PBXFileReference; lastKnownFileType = sourcecode.swift; path = SkinTypeViewController.swift; sourceTree = "<group>"; };
		9937942E278CC9D70096F99F /* ShelfFormViewController.swift */ = {isa = PBXFileReference; lastKnownFileType = sourcecode.swift; path = ShelfFormViewController.swift; sourceTree = "<group>"; };
		99379430278CC9FC0096F99F /* YourDayViewController.swift */ = {isa = PBXFileReference; lastKnownFileType = sourcecode.swift; path = YourDayViewController.swift; sourceTree = "<group>"; };
		99379432278CCA3E0096F99F /* TodayViewController.swift */ = {isa = PBXFileReference; lastKnownFileType = sourcecode.swift; path = TodayViewController.swift; sourceTree = "<group>"; };
		99379434278CCA630096F99F /* TodayViewControllerDelegate.swift */ = {isa = PBXFileReference; lastKnownFileType = sourcecode.swift; path = TodayViewControllerDelegate.swift; sourceTree = "<group>"; };
		99379436278CCA8B0096F99F /* NewRoutineViewController.swift */ = {isa = PBXFileReference; lastKnownFileType = sourcecode.swift; path = NewRoutineViewController.swift; sourceTree = "<group>"; };
		99379438278CCAD90096F99F /* NewProductRoutineViewController.swift */ = {isa = PBXFileReference; lastKnownFileType = sourcecode.swift; path = NewProductRoutineViewController.swift; sourceTree = "<group>"; };
		9937943A278CCB010096F99F /* YourRoutineViewController.swift */ = {isa = PBXFileReference; lastKnownFileType = sourcecode.swift; path = YourRoutineViewController.swift; sourceTree = "<group>"; };
		9937943C278CCB2D0096F99F /* SettingsViewController.swift */ = {isa = PBXFileReference; lastKnownFileType = sourcecode.swift; path = SettingsViewController.swift; sourceTree = "<group>"; };
		9937943E278CCB6E0096F99F /* YourRoutineViewControllerDelegate.swift */ = {isa = PBXFileReference; lastKnownFileType = sourcecode.swift; path = YourRoutineViewControllerDelegate.swift; sourceTree = "<group>"; };
		99379440278CCB8E0096F99F /* NewRoutineViewControllerDelegate.swift */ = {isa = PBXFileReference; lastKnownFileType = sourcecode.swift; path = NewRoutineViewControllerDelegate.swift; sourceTree = "<group>"; };
		99379442278CCBCB0096F99F /* ShelfViewController.swift */ = {isa = PBXFileReference; lastKnownFileType = sourcecode.swift; path = ShelfViewController.swift; sourceTree = "<group>"; };
		99379444278CCBEB0096F99F /* NewProductShelfViewController.swift */ = {isa = PBXFileReference; lastKnownFileType = sourcecode.swift; path = NewProductShelfViewController.swift; sourceTree = "<group>"; };
		99379447278CCC360096F99F /* Request.swift */ = {isa = PBXFileReference; lastKnownFileType = sourcecode.swift; path = Request.swift; sourceTree = "<group>"; };
		99379449278CCC5D0096F99F /* DataSingleton.swift */ = {isa = PBXFileReference; lastKnownFileType = sourcecode.swift; path = DataSingleton.swift; sourceTree = "<group>"; };
		99379451278CCD150096F99F /* YourRoutineTableViewCell.swift */ = {isa = PBXFileReference; lastKnownFileType = sourcecode.swift; path = YourRoutineTableViewCell.swift; sourceTree = "<group>"; };
		99379453278CCD410096F99F /* RoutineCollectionViewCell.swift */ = {isa = PBXFileReference; lastKnownFileType = sourcecode.swift; path = RoutineCollectionViewCell.swift; sourceTree = "<group>"; };
		99379455278CCD610096F99F /* CircularProgressBarView.swift */ = {isa = PBXFileReference; lastKnownFileType = sourcecode.swift; path = CircularProgressBarView.swift; sourceTree = "<group>"; };
		99379457278CCDD60096F99F /* NameTableViewCell.swift */ = {isa = PBXFileReference; lastKnownFileType = sourcecode.swift; path = NameTableViewCell.swift; sourceTree = "<group>"; };
		99379459278CCE020096F99F /* DayTableViewCell.swift */ = {isa = PBXFileReference; lastKnownFileType = sourcecode.swift; path = DayTableViewCell.swift; sourceTree = "<group>"; };
		9937945B278CCE280096F99F /* SwitchDayTableViewCell.swift */ = {isa = PBXFileReference; lastKnownFileType = sourcecode.swift; path = SwitchDayTableViewCell.swift; sourceTree = "<group>"; };
		9937945D278CCE4E0096F99F /* AvatarTableViewCell.swift */ = {isa = PBXFileReference; lastKnownFileType = sourcecode.swift; path = AvatarTableViewCell.swift; sourceTree = "<group>"; };
		99379460278CCEAA0096F99F /* SkinRoutineTableViewCell.swift */ = {isa = PBXFileReference; lastKnownFileType = sourcecode.swift; path = SkinRoutineTableViewCell.swift; sourceTree = "<group>"; };
		99379462278CCED40096F99F /* TaskTableViewCell.swift */ = {isa = PBXFileReference; lastKnownFileType = sourcecode.swift; path = TaskTableViewCell.swift; sourceTree = "<group>"; };
		99379464278CCEFC0096F99F /* AddProductTableViewCell.swift */ = {isa = PBXFileReference; lastKnownFileType = sourcecode.swift; path = AddProductTableViewCell.swift; sourceTree = "<group>"; };
		99379466278CCF1D0096F99F /* ShelfCell.swift */ = {isa = PBXFileReference; lastKnownFileType = sourcecode.swift; path = ShelfCell.swift; sourceTree = "<group>"; };
		99379468278CCF450096F99F /* ShelfFormTableViewCell.swift */ = {isa = PBXFileReference; lastKnownFileType = sourcecode.swift; path = ShelfFormTableViewCell.swift; sourceTree = "<group>"; };
		99C9B52B2795F3AB00048C33 /* SkinfeelPartial.app */ = {isa = PBXFileReference; explicitFileType = wrapper.application; includeInIndex = 0; path = SkinfeelPartial.app; sourceTree = BUILT_PRODUCTS_DIR; };
		99C9B52D2795F3AB00048C33 /* AppDelegate.swift */ = {isa = PBXFileReference; lastKnownFileType = sourcecode.swift; path = AppDelegate.swift; sourceTree = "<group>"; };
		99C9B52F2795F3AB00048C33 /* SceneDelegate.swift */ = {isa = PBXFileReference; lastKnownFileType = sourcecode.swift; path = SceneDelegate.swift; sourceTree = "<group>"; };
		99C9B5312795F3AB00048C33 /* ViewController.swift */ = {isa = PBXFileReference; lastKnownFileType = sourcecode.swift; path = ViewController.swift; sourceTree = "<group>"; };
		99C9B5342795F3AB00048C33 /* Base */ = {isa = PBXFileReference; lastKnownFileType = file.storyboard; name = Base; path = Base.lproj/Main.storyboard; sourceTree = "<group>"; };
		99C9B5372795F3AB00048C33 /* SkinfeelPartial.xcdatamodel */ = {isa = PBXFileReference; lastKnownFileType = wrapper.xcdatamodel; path = SkinfeelPartial.xcdatamodel; sourceTree = "<group>"; };
		99C9B5392795F3AE00048C33 /* Assets.xcassets */ = {isa = PBXFileReference; lastKnownFileType = folder.assetcatalog; path = Assets.xcassets; sourceTree = "<group>"; };
		99C9B53C2795F3AE00048C33 /* Base */ = {isa = PBXFileReference; lastKnownFileType = file.storyboard; name = Base; path = Base.lproj/LaunchScreen.storyboard; sourceTree = "<group>"; };
		99C9B53E2795F3AE00048C33 /* Info.plist */ = {isa = PBXFileReference; lastKnownFileType = text.plist.xml; path = Info.plist; sourceTree = "<group>"; };
		99C9B53F2795F3AE00048C33 /* SkinfeelPartial.entitlements */ = {isa = PBXFileReference; lastKnownFileType = text.plist.entitlements; path = SkinfeelPartial.entitlements; sourceTree = "<group>"; };
		A03642F3279B3E35002606DC /* FeedViewController.swift */ = {isa = PBXFileReference; lastKnownFileType = sourcecode.swift; path = FeedViewController.swift; sourceTree = "<group>"; };
		A03642F5279B3E7B002606DC /* HighlightedCollectionViewCell.swift */ = {isa = PBXFileReference; lastKnownFileType = sourcecode.swift; path = HighlightedCollectionViewCell.swift; sourceTree = "<group>"; };
		A03642F7279B673F002606DC /* SuggestedCollectionViewCell.swift */ = {isa = PBXFileReference; lastKnownFileType = sourcecode.swift; path = SuggestedCollectionViewCell.swift; sourceTree = "<group>"; };
		A03642FB27A0569A002606DC /* Card.swift */ = {isa = PBXFileReference; lastKnownFileType = sourcecode.swift; path = Card.swift; sourceTree = "<group>"; };
		A03642FD27A0574B002606DC /* ReadContent.swift */ = {isa = PBXFileReference; lastKnownFileType = sourcecode.swift; path = ReadContent.swift; sourceTree = "<group>"; };
		A036430127A06FCE002606DC /* cards.json */ = {isa = PBXFileReference; lastKnownFileType = text.json; path = cards.json; sourceTree = "<group>"; };
		A036430627A076AC002606DC /* HighlightedCollectionViewDelegate.swift */ = {isa = PBXFileReference; lastKnownFileType = sourcecode.swift; path = HighlightedCollectionViewDelegate.swift; sourceTree = "<group>"; };
		A036430927A076BF002606DC /* HighlightedCollectionViewDataSource.swift */ = {isa = PBXFileReference; lastKnownFileType = sourcecode.swift; path = HighlightedCollectionViewDataSource.swift; sourceTree = "<group>"; };
		A036430D27A080D4002606DC /* SuggestedCollectionViewDelegate.swift */ = {isa = PBXFileReference; lastKnownFileType = sourcecode.swift; path = SuggestedCollectionViewDelegate.swift; sourceTree = "<group>"; };
		A036430F27A08172002606DC /* NewsCollectionViewCell.swift */ = {isa = PBXFileReference; lastKnownFileType = sourcecode.swift; path = NewsCollectionViewCell.swift; sourceTree = "<group>"; };
		A036431127A08183002606DC /* NewsCollectionViewDelegate.swift */ = {isa = PBXFileReference; lastKnownFileType = sourcecode.swift; path = NewsCollectionViewDelegate.swift; sourceTree = "<group>"; };
		A036431327A08191002606DC /* NewsCollectionViewDataSource.swift */ = {isa = PBXFileReference; lastKnownFileType = sourcecode.swift; path = NewsCollectionViewDataSource.swift; sourceTree = "<group>"; };
		A036432227A090D4002606DC /* SuggestedCollectionViewDataSource.swift */ = {isa = PBXFileReference; fileEncoding = 4; lastKnownFileType = sourcecode.swift; name = SuggestedCollectionViewDataSource.swift; path = Skinfeel/Shared/Feed/Highlighted/SuggestedCollectionViewDataSource.swift; sourceTree = SOURCE_ROOT; };
		A036432727A0F8AD002606DC /* crueltyFree.json */ = {isa = PBXFileReference; lastKnownFileType = text.json; path = crueltyFree.json; sourceTree = "<group>"; };
		A036432927A1B14D002606DC /* ExploreViewController.swift */ = {isa = PBXFileReference; lastKnownFileType = sourcecode.swift; path = ExploreViewController.swift; sourceTree = "<group>"; };
		A036432D27A1B4DE002606DC /* ExploreCollectionViewCell.swift */ = {isa = PBXFileReference; lastKnownFileType = sourcecode.swift; path = ExploreCollectionViewCell.swift; sourceTree = "<group>"; };
		A036433127A1B4FC002606DC /* ExploreCollectionViewDataSource.swift */ = {isa = PBXFileReference; lastKnownFileType = sourcecode.swift; path = ExploreCollectionViewDataSource.swift; sourceTree = "<group>"; };
		A036433727A1B841002606DC /* ExploreCollectionViewDelegate.swift */ = {isa = PBXFileReference; fileEncoding = 4; lastKnownFileType = sourcecode.swift; path = ExploreCollectionViewDelegate.swift; sourceTree = "<group>"; };
		A036433A27A1BDE6002606DC /* pelenegra.json */ = {isa = PBXFileReference; lastKnownFileType = text.json; path = pelenegra.json; sourceTree = "<group>"; };
		A036433D27A1BDF1002606DC /* coreana.json */ = {isa = PBXFileReference; lastKnownFileType = text.json; path = coreana.json; sourceTree = "<group>"; };
		A036434027A1BDFD002606DC /* formen.json */ = {isa = PBXFileReference; lastKnownFileType = text.json; path = formen.json; sourceTree = "<group>"; };
		A0504179278CDE1600BCF86C /* CoreDataModel.xcdatamodel */ = {isa = PBXFileReference; lastKnownFileType = wrapper.xcdatamodel; path = CoreDataModel.xcdatamodel; sourceTree = "<group>"; };
		A050417B278CDEAA00BCF86C /* Main.storyboard */ = {isa = PBXFileReference; fileEncoding = 4; lastKnownFileType = file.storyboard; path = Main.storyboard; sourceTree = "<group>"; };
		A050417C278CDEAA00BCF86C /* LaunchScreen.storyboard */ = {isa = PBXFileReference; fileEncoding = 4; lastKnownFileType = file.storyboard; path = LaunchScreen.storyboard; sourceTree = "<group>"; };
/* End PBXFileReference section */

/* Begin PBXFrameworksBuildPhase section */
		992405062771139200CF0946 /* Frameworks */ = {
			isa = PBXFrameworksBuildPhase;
			buildActionMask = 2147483647;
			files = (
			);
			runOnlyForDeploymentPostprocessing = 0;
		};
		99C9B5282795F3AB00048C33 /* Frameworks */ = {
			isa = PBXFrameworksBuildPhase;
			buildActionMask = 2147483647;
			files = (
			);
			runOnlyForDeploymentPostprocessing = 0;
		};
/* End PBXFrameworksBuildPhase section */

/* Begin PBXGroup section */
		992405002771139200CF0946 = {
			isa = PBXGroup;
			children = (
				A0834FA62795F890009F756A /* Shared */,
				9924050B2771139200CF0946 /* Skinfeel */,
				99C9B52C2795F3AB00048C33 /* SkinfeelPartial */,
				9924050A2771139200CF0946 /* Products */,
			);
			sourceTree = "<group>";
		};
		9924050A2771139200CF0946 /* Products */ = {
			isa = PBXGroup;
			children = (
				992405092771139200CF0946 /* Skinfeel.app */,
				99C9B52B2795F3AB00048C33 /* SkinfeelPartial.app */,
			);
			name = Products;
			sourceTree = "<group>";
		};
		9924050B2771139200CF0946 /* Skinfeel */ = {
			isa = PBXGroup;
			children = (
				A050417C278CDEAA00BCF86C /* LaunchScreen.storyboard */,
				A050417B278CDEAA00BCF86C /* Main.storyboard */,
				9937940C278CC5110096F99F /* SceneDelegate.swift */,
				9924050C2771139200CF0946 /* AppDelegate.swift */,
				9924051D2771139400CF0946 /* Info.plist */,
				9937944B278CCC770096F99F /* Cells */,
				9937940E278CC59C0096F99F /* CoreData */,
				99379418278CC7710096F99F /* Notifications */,
				9937941F278CC8550096F99F /* Model */,
				99379446278CCC080096F99F /* Controller */,
				99379422278CC8890096F99F /* Views */,
			);
			path = Skinfeel;
			sourceTree = "<group>";
		};
		9937940E278CC59C0096F99F /* CoreData */ = {
			isa = PBXGroup;
			children = (
				A0504178278CDE1600BCF86C /* CoreDataModel.xcdatamodeld */,
				99379412278CC5D50096F99F /* CoreDataStack.swift */,
			);
			path = CoreData;
			sourceTree = "<group>";
		};
		99379418278CC7710096F99F /* Notifications */ = {
			isa = PBXGroup;
			children = (
				99379419278CC7950096F99F /* Identifiers.swift */,
				9937941B278CC7BF0096F99F /* NotificationManager.swift */,
			);
			path = Notifications;
			sourceTree = "<group>";
		};
		9937941F278CC8550096F99F /* Model */ = {
			isa = PBXGroup;
			children = (
				99379420278CC8710096F99F /* Model.swift */,
			);
			path = Model;
			sourceTree = "<group>";
		};
		99379422278CC8890096F99F /* Views */ = {
			isa = PBXGroup;
			children = (
				99379424278CC8B00096F99F /* Home */,
				99379423278CC8970096F99F /* Onboarding */,
				99379425278CC8E80096F99F /* Shelf */,
			);
			path = Views;
			sourceTree = "<group>";
		};
		99379423278CC8970096F99F /* Onboarding */ = {
			isa = PBXGroup;
			children = (
				99379426278CC9060096F99F /* OnboardingViewController.swift */,
				99379428278CC9260096F99F /* NameViewController.swift */,
				9937942A278CC9830096F99F /* FormViewController.swift */,
				9937942C278CC9B10096F99F /* SkinTypeViewController.swift */,
				9937942E278CC9D70096F99F /* ShelfFormViewController.swift */,
				99379430278CC9FC0096F99F /* YourDayViewController.swift */,
			);
			path = Onboarding;
			sourceTree = "<group>";
		};
		99379424278CC8B00096F99F /* Home */ = {
			isa = PBXGroup;
			children = (
				99379432278CCA3E0096F99F /* TodayViewController.swift */,
				99379436278CCA8B0096F99F /* NewRoutineViewController.swift */,
				99379438278CCAD90096F99F /* NewProductRoutineViewController.swift */,
				9937943A278CCB010096F99F /* YourRoutineViewController.swift */,
				9937943C278CCB2D0096F99F /* SettingsViewController.swift */,
				99379434278CCA630096F99F /* TodayViewControllerDelegate.swift */,
				9937943E278CCB6E0096F99F /* YourRoutineViewControllerDelegate.swift */,
				99379440278CCB8E0096F99F /* NewRoutineViewControllerDelegate.swift */,
			);
			path = Home;
			sourceTree = "<group>";
		};
		99379425278CC8E80096F99F /* Shelf */ = {
			isa = PBXGroup;
			children = (
				99379442278CCBCB0096F99F /* ShelfViewController.swift */,
				99379444278CCBEB0096F99F /* NewProductShelfViewController.swift */,
			);
			path = Shelf;
			sourceTree = "<group>";
		};
		99379446278CCC080096F99F /* Controller */ = {
			isa = PBXGroup;
			children = (
				99379447278CCC360096F99F /* Request.swift */,
				99379449278CCC5D0096F99F /* DataSingleton.swift */,
			);
			path = Controller;
			sourceTree = "<group>";
		};
		9937944B278CCC770096F99F /* Cells */ = {
			isa = PBXGroup;
			children = (
				9937945F278CCE760096F99F /* Shelf Cells */,
				99379450278CCCED0096F99F /* NewRoutine Cells */,
				9937944F278CCCCB0096F99F /* Skintype Cells */,
				9937944E278CCCB10096F99F /* Settings Cells */,
				9937944D278CCCA30096F99F /* Today Cells */,
				9937944C278CCC8C0096F99F /* YourRoutine Cells */,
			);
			path = Cells;
			sourceTree = "<group>";
		};
		9937944C278CCC8C0096F99F /* YourRoutine Cells */ = {
			isa = PBXGroup;
			children = (
				99379451278CCD150096F99F /* YourRoutineTableViewCell.swift */,
			);
			path = "YourRoutine Cells";
			sourceTree = "<group>";
		};
		9937944D278CCCA30096F99F /* Today Cells */ = {
			isa = PBXGroup;
			children = (
				99379453278CCD410096F99F /* RoutineCollectionViewCell.swift */,
				99379455278CCD610096F99F /* CircularProgressBarView.swift */,
			);
			path = "Today Cells";
			sourceTree = "<group>";
		};
		9937944E278CCCB10096F99F /* Settings Cells */ = {
			isa = PBXGroup;
			children = (
				99379457278CCDD60096F99F /* NameTableViewCell.swift */,
				99379459278CCE020096F99F /* DayTableViewCell.swift */,
				9937945B278CCE280096F99F /* SwitchDayTableViewCell.swift */,
				9937945D278CCE4E0096F99F /* AvatarTableViewCell.swift */,
			);
			path = "Settings Cells";
			sourceTree = "<group>";
		};
		9937944F278CCCCB0096F99F /* Skintype Cells */ = {
			isa = PBXGroup;
			children = (
				99379460278CCEAA0096F99F /* SkinRoutineTableViewCell.swift */,
			);
			path = "Skintype Cells";
			sourceTree = "<group>";
		};
		99379450278CCCED0096F99F /* NewRoutine Cells */ = {
			isa = PBXGroup;
			children = (
				99379462278CCED40096F99F /* TaskTableViewCell.swift */,
				99379464278CCEFC0096F99F /* AddProductTableViewCell.swift */,
			);
			path = "NewRoutine Cells";
			sourceTree = "<group>";
		};
		9937945F278CCE760096F99F /* Shelf Cells */ = {
			isa = PBXGroup;
			children = (
				99379466278CCF1D0096F99F /* ShelfCell.swift */,
				99379468278CCF450096F99F /* ShelfFormTableViewCell.swift */,
			);
			path = "Shelf Cells";
			sourceTree = "<group>";
		};
		99C9B52C2795F3AB00048C33 /* SkinfeelPartial */ = {
			isa = PBXGroup;
			children = (
				99C9B52D2795F3AB00048C33 /* AppDelegate.swift */,
				99C9B52F2795F3AB00048C33 /* SceneDelegate.swift */,
				99C9B5312795F3AB00048C33 /* ViewController.swift */,
				99C9B5332795F3AB00048C33 /* Main.storyboard */,
				99C9B5392795F3AE00048C33 /* Assets.xcassets */,
				99C9B53B2795F3AE00048C33 /* LaunchScreen.storyboard */,
				99C9B53E2795F3AE00048C33 /* Info.plist */,
				99C9B53F2795F3AE00048C33 /* SkinfeelPartial.entitlements */,
				99C9B5362795F3AB00048C33 /* SkinfeelPartial.xcdatamodeld */,
			);
			path = SkinfeelPartial;
			sourceTree = "<group>";
		};
		A03642F2279B3E23002606DC /* Feed */ = {
			isa = PBXGroup;
			children = (
				A03642F3279B3E35002606DC /* FeedViewController.swift */,
				A03642FD27A0574B002606DC /* ReadContent.swift */,
				A03642FB27A0569A002606DC /* Card.swift */,
				A036430127A06FCE002606DC /* cards.json */,
				A036432727A0F8AD002606DC /* crueltyFree.json */,
				A036434027A1BDFD002606DC /* formen.json */,
				A036433A27A1BDE6002606DC /* pelenegra.json */,
				A036433D27A1BDF1002606DC /* coreana.json */,
				A036430527A07672002606DC /* News */,
				A036430327A0763A002606DC /* Highlighted */,
				A036430427A0764D002606DC /* Suggested */,
			);
			path = Feed;
			sourceTree = "<group>";
		};
		A036430327A0763A002606DC /* Highlighted */ = {
			isa = PBXGroup;
			children = (
				A03642F5279B3E7B002606DC /* HighlightedCollectionViewCell.swift */,
				A036430627A076AC002606DC /* HighlightedCollectionViewDelegate.swift */,
				A036430927A076BF002606DC /* HighlightedCollectionViewDataSource.swift */,
			);
			path = Highlighted;
			sourceTree = "<group>";
		};
		A036430427A0764D002606DC /* Suggested */ = {
			isa = PBXGroup;
			children = (
				A03642F7279B673F002606DC /* SuggestedCollectionViewCell.swift */,
				A036432227A090D4002606DC /* SuggestedCollectionViewDataSource.swift */,
				A036430D27A080D4002606DC /* SuggestedCollectionViewDelegate.swift */,
				A036433627A1B7F1002606DC /* Explore */,
			);
			path = Suggested;
			sourceTree = "<group>";
		};
		A036430527A07672002606DC /* News */ = {
			isa = PBXGroup;
			children = (
				A036430F27A08172002606DC /* NewsCollectionViewCell.swift */,
				A036431127A08183002606DC /* NewsCollectionViewDelegate.swift */,
				A036431327A08191002606DC /* NewsCollectionViewDataSource.swift */,
			);
			path = News;
			sourceTree = "<group>";
		};
		A036433627A1B7F1002606DC /* Explore */ = {
			isa = PBXGroup;
			children = (
				A036432927A1B14D002606DC /* ExploreViewController.swift */,
				A036432D27A1B4DE002606DC /* ExploreCollectionViewCell.swift */,
				A036433727A1B841002606DC /* ExploreCollectionViewDelegate.swift */,
				A036433127A1B4FC002606DC /* ExploreCollectionViewDataSource.swift */,
			);
			path = Explore;
			sourceTree = "<group>";
		};
		A0834FA62795F890009F756A /* Shared */ = {
			isa = PBXGroup;
			children = (
				992405182771139400CF0946 /* Assets.xcassets */,
				A03642F2279B3E23002606DC /* Feed */,
			);
			name = Shared;
			path = Skinfeel/Shared;
			sourceTree = "<group>";
		};
/* End PBXGroup section */

/* Begin PBXNativeTarget section */
		992405082771139200CF0946 /* Skinfeel */ = {
			isa = PBXNativeTarget;
			buildConfigurationList = 992405202771139400CF0946 /* Build configuration list for PBXNativeTarget "Skinfeel" */;
			buildPhases = (
				992405052771139200CF0946 /* Sources */,
				992405062771139200CF0946 /* Frameworks */,
				992405072771139200CF0946 /* Resources */,
				99C9B5232795F1BF00048C33 /* Embed App Clips */,
			);
			buildRules = (
			);
			dependencies = (
				99C9B5412795F3AE00048C33 /* PBXTargetDependency */,
			);
			name = Skinfeel;
			productName = Skinfeel;
			productReference = 992405092771139200CF0946 /* Skinfeel.app */;
			productType = "com.apple.product-type.application";
		};
		99C9B52A2795F3AB00048C33 /* SkinfeelPartial */ = {
			isa = PBXNativeTarget;
			buildConfigurationList = 99C9B5432795F3AE00048C33 /* Build configuration list for PBXNativeTarget "SkinfeelPartial" */;
			buildPhases = (
				99C9B5272795F3AB00048C33 /* Sources */,
				99C9B5282795F3AB00048C33 /* Frameworks */,
				99C9B5292795F3AB00048C33 /* Resources */,
			);
			buildRules = (
			);
			dependencies = (
			);
			name = SkinfeelPartial;
			productName = SkinfeelPartial;
			productReference = 99C9B52B2795F3AB00048C33 /* SkinfeelPartial.app */;
			productType = "com.apple.product-type.application.on-demand-install-capable";
		};
/* End PBXNativeTarget section */

/* Begin PBXProject section */
		992405012771139200CF0946 /* Project object */ = {
			isa = PBXProject;
			attributes = {
				BuildIndependentTargetsInParallel = 1;
				LastSwiftUpdateCheck = 1320;
				LastUpgradeCheck = 1320;
				TargetAttributes = {
					992405082771139200CF0946 = {
						CreatedOnToolsVersion = 13.2;
					};
					99C9B52A2795F3AB00048C33 = {
						CreatedOnToolsVersion = 13.2.1;
					};
				};
			};
			buildConfigurationList = 992405042771139200CF0946 /* Build configuration list for PBXProject "Skinfeel" */;
			compatibilityVersion = "Xcode 13.0";
			developmentRegion = en;
			hasScannedForEncodings = 0;
			knownRegions = (
				en,
				Base,
			);
			mainGroup = 992405002771139200CF0946;
			productRefGroup = 9924050A2771139200CF0946 /* Products */;
			projectDirPath = "";
			projectRoot = "";
			targets = (
				992405082771139200CF0946 /* Skinfeel */,
				99C9B52A2795F3AB00048C33 /* SkinfeelPartial */,
			);
		};
/* End PBXProject section */

/* Begin PBXResourcesBuildPhase section */
		992405072771139200CF0946 /* Resources */ = {
			isa = PBXResourcesBuildPhase;
			buildActionMask = 2147483647;
			files = (
				A050417E278CDEAA00BCF86C /* LaunchScreen.storyboard in Resources */,
				A036433E27A1BDF1002606DC /* coreana.json in Resources */,
				A036433B27A1BDE6002606DC /* pelenegra.json in Resources */,
				992405192771139400CF0946 /* Assets.xcassets in Resources */,
				A036432827A0F8AD002606DC /* crueltyFree.json in Resources */,
				A036434127A1BDFD002606DC /* formen.json in Resources */,
				A050417D278CDEAA00BCF86C /* Main.storyboard in Resources */,
				A036430227A06FCE002606DC /* cards.json in Resources */,
			);
			runOnlyForDeploymentPostprocessing = 0;
		};
		99C9B5292795F3AB00048C33 /* Resources */ = {
			isa = PBXResourcesBuildPhase;
			buildActionMask = 2147483647;
			files = (
				99C9B53D2795F3AE00048C33 /* LaunchScreen.storyboard in Resources */,
				A036433F27A1BDF1002606DC /* coreana.json in Resources */,
				A036434327A1BFA1002606DC /* crueltyFree.json in Resources */,
				A036433C27A1BDE6002606DC /* pelenegra.json in Resources */,
				99C9B53A2795F3AE00048C33 /* Assets.xcassets in Resources */,
				99C9B5352795F3AB00048C33 /* Main.storyboard in Resources */,
				A036434227A1BDFD002606DC /* formen.json in Resources */,
				A036431827A09086002606DC /* cards.json in Resources */,
				A036432527A09186002606DC /* Assets.xcassets in Resources */,
			);
			runOnlyForDeploymentPostprocessing = 0;
		};
/* End PBXResourcesBuildPhase section */

/* Begin PBXSourcesBuildPhase section */
		992405052771139200CF0946 /* Sources */ = {
			isa = PBXSourcesBuildPhase;
			buildActionMask = 2147483647;
			files = (
				A036431427A08191002606DC /* NewsCollectionViewDataSource.swift in Sources */,
				A036433827A1B841002606DC /* ExploreCollectionViewDelegate.swift in Sources */,
				A036431227A08183002606DC /* NewsCollectionViewDelegate.swift in Sources */,
				A050417A278CDE1600BCF86C /* CoreDataModel.xcdatamodeld in Sources */,
				A036430727A076AC002606DC /* HighlightedCollectionViewDelegate.swift in Sources */,
				99379435278CCA630096F99F /* TodayViewControllerDelegate.swift in Sources */,
				99379448278CCC360096F99F /* Request.swift in Sources */,
				99379421278CC8710096F99F /* Model.swift in Sources */,
				99379439278CCAD90096F99F /* NewProductRoutineViewController.swift in Sources */,
				99379469278CCF450096F99F /* ShelfFormTableViewCell.swift in Sources */,
				9937944A278CCC5D0096F99F /* DataSingleton.swift in Sources */,
				9937942F278CC9D70096F99F /* ShelfFormViewController.swift in Sources */,
				99379431278CC9FC0096F99F /* YourDayViewController.swift in Sources */,
				A036432A27A1B14D002606DC /* ExploreViewController.swift in Sources */,
				A036432E27A1B4DE002606DC /* ExploreCollectionViewCell.swift in Sources */,
				99379443278CCBCB0096F99F /* ShelfViewController.swift in Sources */,
				9937943F278CCB6E0096F99F /* YourRoutineViewControllerDelegate.swift in Sources */,
				A036430A27A076BF002606DC /* HighlightedCollectionViewDataSource.swift in Sources */,
				9937945C278CCE280096F99F /* SwitchDayTableViewCell.swift in Sources */,
				9937943D278CCB2D0096F99F /* SettingsViewController.swift in Sources */,
				A036430E27A080D4002606DC /* SuggestedCollectionViewDelegate.swift in Sources */,
				99379456278CCD610096F99F /* CircularProgressBarView.swift in Sources */,
				99379445278CCBEB0096F99F /* NewProductShelfViewController.swift in Sources */,
				9937941C278CC7BF0096F99F /* NotificationManager.swift in Sources */,
				9924050D2771139200CF0946 /* AppDelegate.swift in Sources */,
				99379427278CC9060096F99F /* OnboardingViewController.swift in Sources */,
				A03642F8279B673F002606DC /* SuggestedCollectionViewCell.swift in Sources */,
				9937940D278CC5110096F99F /* SceneDelegate.swift in Sources */,
				99379437278CCA8B0096F99F /* NewRoutineViewController.swift in Sources */,
				9937942D278CC9B10096F99F /* SkinTypeViewController.swift in Sources */,
				99379441278CCB8E0096F99F /* NewRoutineViewControllerDelegate.swift in Sources */,
				99379458278CCDD60096F99F /* NameTableViewCell.swift in Sources */,
				99379433278CCA3E0096F99F /* TodayViewController.swift in Sources */,
				A03642FE27A0574B002606DC /* ReadContent.swift in Sources */,
				9937945E278CCE4E0096F99F /* AvatarTableViewCell.swift in Sources */,
				A036433227A1B4FC002606DC /* ExploreCollectionViewDataSource.swift in Sources */,
				99379452278CCD150096F99F /* YourRoutineTableViewCell.swift in Sources */,
				A03642FC27A0569A002606DC /* Card.swift in Sources */,
				9937945A278CCE020096F99F /* DayTableViewCell.swift in Sources */,
				99379429278CC9260096F99F /* NameViewController.swift in Sources */,
				9937943B278CCB010096F99F /* YourRoutineViewController.swift in Sources */,
				A03642F6279B3E7B002606DC /* HighlightedCollectionViewCell.swift in Sources */,
				99379467278CCF1D0096F99F /* ShelfCell.swift in Sources */,
				A036432327A090D4002606DC /* SuggestedCollectionViewDataSource.swift in Sources */,
				99379463278CCED40096F99F /* TaskTableViewCell.swift in Sources */,
				99379461278CCEAA0096F99F /* SkinRoutineTableViewCell.swift in Sources */,
				9937941A278CC7950096F99F /* Identifiers.swift in Sources */,
				99379454278CCD410096F99F /* RoutineCollectionViewCell.swift in Sources */,
				A036431027A08172002606DC /* NewsCollectionViewCell.swift in Sources */,
				9937942B278CC9830096F99F /* FormViewController.swift in Sources */,
				99379465278CCEFC0096F99F /* AddProductTableViewCell.swift in Sources */,
				A03642F4279B3E35002606DC /* FeedViewController.swift in Sources */,
				99379413278CC5D50096F99F /* CoreDataStack.swift in Sources */,
			);
			runOnlyForDeploymentPostprocessing = 0;
		};
		99C9B5272795F3AB00048C33 /* Sources */ = {
			isa = PBXSourcesBuildPhase;
			buildActionMask = 2147483647;
			files = (
				99C9B5322795F3AB00048C33 /* ViewController.swift in Sources */,
				99C9B52E2795F3AB00048C33 /* AppDelegate.swift in Sources */,
				A036432127A0909E002606DC /* SuggestedCollectionViewDelegate.swift in Sources */,
				A036431F27A0909A002606DC /* SuggestedCollectionViewCell.swift in Sources */,
				A036433327A1B7D4002606DC /* ExploreCollectionViewCell.swift in Sources */,
				A036431E27A09097002606DC /* HighlightedCollectionViewDataSource.swift in Sources */,
				99C9B5382795F3AB00048C33 /* SkinfeelPartial.xcdatamodeld in Sources */,
				A036432427A090FA002606DC /* SuggestedCollectionViewDataSource.swift in Sources */,
				A036432B27A1B1F2002606DC /* ExploreViewController.swift in Sources */,
				A036431527A0907A002606DC /* FeedViewController.swift in Sources */,
				A036431627A09080002606DC /* ReadContent.swift in Sources */,
				A036431C27A09093002606DC /* HighlightedCollectionViewCell.swift in Sources */,
				A036431A27A0908B002606DC /* NewsCollectionViewDelegate.swift in Sources */,
				A036431D27A09095002606DC /* HighlightedCollectionViewDelegate.swift in Sources */,
				99C9B5302795F3AB00048C33 /* SceneDelegate.swift in Sources */,
				A036433927A1B841002606DC /* ExploreCollectionViewDelegate.swift in Sources */,
				A036431927A09089002606DC /* NewsCollectionViewCell.swift in Sources */,
				A036433527A1B7D8002606DC /* ExploreCollectionViewDataSource.swift in Sources */,
				A036431727A09084002606DC /* Card.swift in Sources */,
				A036431B27A0908E002606DC /* NewsCollectionViewDataSource.swift in Sources */,
			);
			runOnlyForDeploymentPostprocessing = 0;
		};
/* End PBXSourcesBuildPhase section */

/* Begin PBXTargetDependency section */
		99C9B5412795F3AE00048C33 /* PBXTargetDependency */ = {
			isa = PBXTargetDependency;
			target = 99C9B52A2795F3AB00048C33 /* SkinfeelPartial */;
			targetProxy = 99C9B5402795F3AE00048C33 /* PBXContainerItemProxy */;
		};
/* End PBXTargetDependency section */

/* Begin PBXVariantGroup section */
		99C9B5332795F3AB00048C33 /* Main.storyboard */ = {
			isa = PBXVariantGroup;
			children = (
				99C9B5342795F3AB00048C33 /* Base */,
			);
			name = Main.storyboard;
			sourceTree = "<group>";
		};
		99C9B53B2795F3AE00048C33 /* LaunchScreen.storyboard */ = {
			isa = PBXVariantGroup;
			children = (
				99C9B53C2795F3AE00048C33 /* Base */,
			);
			name = LaunchScreen.storyboard;
			sourceTree = "<group>";
		};
/* End PBXVariantGroup section */

/* Begin XCBuildConfiguration section */
		9924051E2771139400CF0946 /* Debug */ = {
			isa = XCBuildConfiguration;
			buildSettings = {
				ALWAYS_SEARCH_USER_PATHS = NO;
				CLANG_ANALYZER_NONNULL = YES;
				CLANG_ANALYZER_NUMBER_OBJECT_CONVERSION = YES_AGGRESSIVE;
				CLANG_CXX_LANGUAGE_STANDARD = "gnu++17";
				CLANG_CXX_LIBRARY = "libc++";
				CLANG_ENABLE_MODULES = YES;
				CLANG_ENABLE_OBJC_ARC = YES;
				CLANG_ENABLE_OBJC_WEAK = YES;
				CLANG_WARN_BLOCK_CAPTURE_AUTORELEASING = YES;
				CLANG_WARN_BOOL_CONVERSION = YES;
				CLANG_WARN_COMMA = YES;
				CLANG_WARN_CONSTANT_CONVERSION = YES;
				CLANG_WARN_DEPRECATED_OBJC_IMPLEMENTATIONS = YES;
				CLANG_WARN_DIRECT_OBJC_ISA_USAGE = YES_ERROR;
				CLANG_WARN_DOCUMENTATION_COMMENTS = YES;
				CLANG_WARN_EMPTY_BODY = YES;
				CLANG_WARN_ENUM_CONVERSION = YES;
				CLANG_WARN_INFINITE_RECURSION = YES;
				CLANG_WARN_INT_CONVERSION = YES;
				CLANG_WARN_NON_LITERAL_NULL_CONVERSION = YES;
				CLANG_WARN_OBJC_IMPLICIT_RETAIN_SELF = YES;
				CLANG_WARN_OBJC_LITERAL_CONVERSION = YES;
				CLANG_WARN_OBJC_ROOT_CLASS = YES_ERROR;
				CLANG_WARN_QUOTED_INCLUDE_IN_FRAMEWORK_HEADER = YES;
				CLANG_WARN_RANGE_LOOP_ANALYSIS = YES;
				CLANG_WARN_STRICT_PROTOTYPES = YES;
				CLANG_WARN_SUSPICIOUS_MOVE = YES;
				CLANG_WARN_UNGUARDED_AVAILABILITY = YES_AGGRESSIVE;
				CLANG_WARN_UNREACHABLE_CODE = YES;
				CLANG_WARN__DUPLICATE_METHOD_MATCH = YES;
				COPY_PHASE_STRIP = NO;
				DEBUG_INFORMATION_FORMAT = dwarf;
				ENABLE_STRICT_OBJC_MSGSEND = YES;
				ENABLE_TESTABILITY = YES;
				GCC_C_LANGUAGE_STANDARD = gnu11;
				GCC_DYNAMIC_NO_PIC = NO;
				GCC_NO_COMMON_BLOCKS = YES;
				GCC_OPTIMIZATION_LEVEL = 0;
				GCC_PREPROCESSOR_DEFINITIONS = (
					"DEBUG=1",
					"$(inherited)",
				);
				GCC_WARN_64_TO_32_BIT_CONVERSION = YES;
				GCC_WARN_ABOUT_RETURN_TYPE = YES_ERROR;
				GCC_WARN_UNDECLARED_SELECTOR = YES;
				GCC_WARN_UNINITIALIZED_AUTOS = YES_AGGRESSIVE;
				GCC_WARN_UNUSED_FUNCTION = YES;
				GCC_WARN_UNUSED_VARIABLE = YES;
				IPHONEOS_DEPLOYMENT_TARGET = 15.2;
				MTL_ENABLE_DEBUG_INFO = INCLUDE_SOURCE;
				MTL_FAST_MATH = YES;
				ONLY_ACTIVE_ARCH = YES;
				SDKROOT = iphoneos;
				SWIFT_ACTIVE_COMPILATION_CONDITIONS = DEBUG;
				SWIFT_OPTIMIZATION_LEVEL = "-Onone";
			};
			name = Debug;
		};
		9924051F2771139400CF0946 /* Release */ = {
			isa = XCBuildConfiguration;
			buildSettings = {
				ALWAYS_SEARCH_USER_PATHS = NO;
				CLANG_ANALYZER_NONNULL = YES;
				CLANG_ANALYZER_NUMBER_OBJECT_CONVERSION = YES_AGGRESSIVE;
				CLANG_CXX_LANGUAGE_STANDARD = "gnu++17";
				CLANG_CXX_LIBRARY = "libc++";
				CLANG_ENABLE_MODULES = YES;
				CLANG_ENABLE_OBJC_ARC = YES;
				CLANG_ENABLE_OBJC_WEAK = YES;
				CLANG_WARN_BLOCK_CAPTURE_AUTORELEASING = YES;
				CLANG_WARN_BOOL_CONVERSION = YES;
				CLANG_WARN_COMMA = YES;
				CLANG_WARN_CONSTANT_CONVERSION = YES;
				CLANG_WARN_DEPRECATED_OBJC_IMPLEMENTATIONS = YES;
				CLANG_WARN_DIRECT_OBJC_ISA_USAGE = YES_ERROR;
				CLANG_WARN_DOCUMENTATION_COMMENTS = YES;
				CLANG_WARN_EMPTY_BODY = YES;
				CLANG_WARN_ENUM_CONVERSION = YES;
				CLANG_WARN_INFINITE_RECURSION = YES;
				CLANG_WARN_INT_CONVERSION = YES;
				CLANG_WARN_NON_LITERAL_NULL_CONVERSION = YES;
				CLANG_WARN_OBJC_IMPLICIT_RETAIN_SELF = YES;
				CLANG_WARN_OBJC_LITERAL_CONVERSION = YES;
				CLANG_WARN_OBJC_ROOT_CLASS = YES_ERROR;
				CLANG_WARN_QUOTED_INCLUDE_IN_FRAMEWORK_HEADER = YES;
				CLANG_WARN_RANGE_LOOP_ANALYSIS = YES;
				CLANG_WARN_STRICT_PROTOTYPES = YES;
				CLANG_WARN_SUSPICIOUS_MOVE = YES;
				CLANG_WARN_UNGUARDED_AVAILABILITY = YES_AGGRESSIVE;
				CLANG_WARN_UNREACHABLE_CODE = YES;
				CLANG_WARN__DUPLICATE_METHOD_MATCH = YES;
				COPY_PHASE_STRIP = NO;
				DEBUG_INFORMATION_FORMAT = "dwarf-with-dsym";
				ENABLE_NS_ASSERTIONS = NO;
				ENABLE_STRICT_OBJC_MSGSEND = YES;
				GCC_C_LANGUAGE_STANDARD = gnu11;
				GCC_NO_COMMON_BLOCKS = YES;
				GCC_WARN_64_TO_32_BIT_CONVERSION = YES;
				GCC_WARN_ABOUT_RETURN_TYPE = YES_ERROR;
				GCC_WARN_UNDECLARED_SELECTOR = YES;
				GCC_WARN_UNINITIALIZED_AUTOS = YES_AGGRESSIVE;
				GCC_WARN_UNUSED_FUNCTION = YES;
				GCC_WARN_UNUSED_VARIABLE = YES;
				IPHONEOS_DEPLOYMENT_TARGET = 15.2;
				MTL_ENABLE_DEBUG_INFO = NO;
				MTL_FAST_MATH = YES;
				SDKROOT = iphoneos;
				SWIFT_COMPILATION_MODE = wholemodule;
				SWIFT_OPTIMIZATION_LEVEL = "-O";
				VALIDATE_PRODUCT = YES;
			};
			name = Release;
		};
		992405212771139400CF0946 /* Debug */ = {
			isa = XCBuildConfiguration;
			buildSettings = {
				ALWAYS_EMBED_SWIFT_STANDARD_LIBRARIES = YES;
				ASSETCATALOG_COMPILER_APPICON_NAME = AppIcon;
				ASSETCATALOG_COMPILER_GLOBAL_ACCENT_COLOR_NAME = AccentColor;
				CODE_SIGN_STYLE = Automatic;
				CURRENT_PROJECT_VERSION = 1;
				DEVELOPMENT_TEAM = 7Y74F655Y8;
				GENERATE_INFOPLIST_FILE = YES;
				INFOPLIST_FILE = Skinfeel/Info.plist;
				INFOPLIST_KEY_UIApplicationSupportsIndirectInputEvents = YES;
				INFOPLIST_KEY_UILaunchStoryboardName = LaunchScreen;
				INFOPLIST_KEY_UIMainStoryboardFile = Main;
				INFOPLIST_KEY_UISupportedInterfaceOrientations = UIInterfaceOrientationPortrait;
				INFOPLIST_KEY_UISupportedInterfaceOrientations_iPad = "UIInterfaceOrientationPortrait UIInterfaceOrientationPortraitUpsideDown UIInterfaceOrientationLandscapeLeft UIInterfaceOrientationLandscapeRight";
				INFOPLIST_KEY_UISupportedInterfaceOrientations_iPhone = "UIInterfaceOrientationPortrait UIInterfaceOrientationLandscapeLeft UIInterfaceOrientationLandscapeRight";
				LD_RUNPATH_SEARCH_PATHS = (
					"$(inherited)",
					"@executable_path/Frameworks",
				);
				MARKETING_VERSION = 1.0;
				PRODUCT_BUNDLE_IDENTIFIER = .GabiNamie.Skinfeel;
				PRODUCT_NAME = "$(TARGET_NAME)";
				SWIFT_EMIT_LOC_STRINGS = YES;
				SWIFT_VERSION = 5.0;
				TARGETED_DEVICE_FAMILY = 1;
			};
			name = Debug;
		};
		992405222771139400CF0946 /* Release */ = {
			isa = XCBuildConfiguration;
			buildSettings = {
				ALWAYS_EMBED_SWIFT_STANDARD_LIBRARIES = YES;
				ASSETCATALOG_COMPILER_APPICON_NAME = AppIcon;
				ASSETCATALOG_COMPILER_GLOBAL_ACCENT_COLOR_NAME = AccentColor;
				CODE_SIGN_STYLE = Automatic;
				CURRENT_PROJECT_VERSION = 1;
				DEVELOPMENT_TEAM = 7Y74F655Y8;
				GENERATE_INFOPLIST_FILE = YES;
				INFOPLIST_FILE = Skinfeel/Info.plist;
				INFOPLIST_KEY_UIApplicationSupportsIndirectInputEvents = YES;
				INFOPLIST_KEY_UILaunchStoryboardName = LaunchScreen;
				INFOPLIST_KEY_UIMainStoryboardFile = Main;
				INFOPLIST_KEY_UISupportedInterfaceOrientations = UIInterfaceOrientationPortrait;
				INFOPLIST_KEY_UISupportedInterfaceOrientations_iPad = "UIInterfaceOrientationPortrait UIInterfaceOrientationPortraitUpsideDown UIInterfaceOrientationLandscapeLeft UIInterfaceOrientationLandscapeRight";
				INFOPLIST_KEY_UISupportedInterfaceOrientations_iPhone = "UIInterfaceOrientationPortrait UIInterfaceOrientationLandscapeLeft UIInterfaceOrientationLandscapeRight";
				LD_RUNPATH_SEARCH_PATHS = (
					"$(inherited)",
					"@executable_path/Frameworks",
				);
				MARKETING_VERSION = 1.0;
				PRODUCT_BUNDLE_IDENTIFIER = .GabiNamie.Skinfeel;
				PRODUCT_NAME = "$(TARGET_NAME)";
				SWIFT_EMIT_LOC_STRINGS = YES;
				SWIFT_VERSION = 5.0;
				TARGETED_DEVICE_FAMILY = 1;
			};
			name = Release;
		};
		99C9B5442795F3AE00048C33 /* Debug */ = {
			isa = XCBuildConfiguration;
			buildSettings = {
				ASSETCATALOG_COMPILER_APPICON_NAME = AppIcon;
				ASSETCATALOG_COMPILER_GLOBAL_ACCENT_COLOR_NAME = AccentColor;
				CODE_SIGN_ENTITLEMENTS = SkinfeelPartial/SkinfeelPartial.entitlements;
				CODE_SIGN_STYLE = Automatic;
				CURRENT_PROJECT_VERSION = 1;
				DEVELOPMENT_TEAM = 7Y74F655Y8;
				GENERATE_INFOPLIST_FILE = YES;
				INFOPLIST_FILE = SkinfeelPartial/Info.plist;
				INFOPLIST_KEY_CFBundleDisplayName = Skinfeel;
				INFOPLIST_KEY_UIApplicationSupportsIndirectInputEvents = YES;
				INFOPLIST_KEY_UILaunchStoryboardName = LaunchScreen;
				INFOPLIST_KEY_UIMainStoryboardFile = Main;
				INFOPLIST_KEY_UISupportedInterfaceOrientations = UIInterfaceOrientationPortrait;
				INFOPLIST_KEY_UISupportedInterfaceOrientations_iPad = "UIInterfaceOrientationPortrait UIInterfaceOrientationPortraitUpsideDown UIInterfaceOrientationLandscapeLeft UIInterfaceOrientationLandscapeRight";
				INFOPLIST_KEY_UISupportedInterfaceOrientations_iPhone = "UIInterfaceOrientationPortrait UIInterfaceOrientationLandscapeLeft UIInterfaceOrientationLandscapeRight";
				LD_RUNPATH_SEARCH_PATHS = (
					"$(inherited)",
					"@executable_path/Frameworks",
				);
				MARKETING_VERSION = 1.0;
				PRODUCT_BUNDLE_IDENTIFIER = .GabiNamie.Skinfeel.Clip;
				PRODUCT_NAME = "$(TARGET_NAME)";
				SWIFT_ACTIVE_COMPILATION_CONDITIONS = "DEBUG APPCLIP";
				SWIFT_EMIT_LOC_STRINGS = YES;
				SWIFT_VERSION = 5.0;
				TARGETED_DEVICE_FAMILY = 1;
			};
			name = Debug;
		};
		99C9B5452795F3AE00048C33 /* Release */ = {
			isa = XCBuildConfiguration;
			buildSettings = {
				ASSETCATALOG_COMPILER_APPICON_NAME = AppIcon;
				ASSETCATALOG_COMPILER_GLOBAL_ACCENT_COLOR_NAME = AccentColor;
				CODE_SIGN_ENTITLEMENTS = SkinfeelPartial/SkinfeelPartial.entitlements;
				CODE_SIGN_STYLE = Automatic;
				CURRENT_PROJECT_VERSION = 1;
				DEVELOPMENT_TEAM = 7Y74F655Y8;
				GENERATE_INFOPLIST_FILE = YES;
				INFOPLIST_FILE = SkinfeelPartial/Info.plist;
				INFOPLIST_KEY_CFBundleDisplayName = Skinfeel;
				INFOPLIST_KEY_UIApplicationSupportsIndirectInputEvents = YES;
				INFOPLIST_KEY_UILaunchStoryboardName = LaunchScreen;
				INFOPLIST_KEY_UIMainStoryboardFile = Main;
				INFOPLIST_KEY_UISupportedInterfaceOrientations = UIInterfaceOrientationPortrait;
				INFOPLIST_KEY_UISupportedInterfaceOrientations_iPad = "UIInterfaceOrientationPortrait UIInterfaceOrientationPortraitUpsideDown UIInterfaceOrientationLandscapeLeft UIInterfaceOrientationLandscapeRight";
				INFOPLIST_KEY_UISupportedInterfaceOrientations_iPhone = "UIInterfaceOrientationPortrait UIInterfaceOrientationLandscapeLeft UIInterfaceOrientationLandscapeRight";
				LD_RUNPATH_SEARCH_PATHS = (
					"$(inherited)",
					"@executable_path/Frameworks",
				);
				MARKETING_VERSION = 1.0;
				PRODUCT_BUNDLE_IDENTIFIER = .GabiNamie.Skinfeel.Clip;
				PRODUCT_NAME = "$(TARGET_NAME)";
				SWIFT_ACTIVE_COMPILATION_CONDITIONS = APPCLIP;
				SWIFT_EMIT_LOC_STRINGS = YES;
				SWIFT_VERSION = 5.0;
				TARGETED_DEVICE_FAMILY = 1;
			};
			name = Release;
		};
/* End XCBuildConfiguration section */

/* Begin XCConfigurationList section */
		992405042771139200CF0946 /* Build configuration list for PBXProject "Skinfeel" */ = {
			isa = XCConfigurationList;
			buildConfigurations = (
				9924051E2771139400CF0946 /* Debug */,
				9924051F2771139400CF0946 /* Release */,
			);
			defaultConfigurationIsVisible = 0;
			defaultConfigurationName = Release;
		};
		992405202771139400CF0946 /* Build configuration list for PBXNativeTarget "Skinfeel" */ = {
			isa = XCConfigurationList;
			buildConfigurations = (
				992405212771139400CF0946 /* Debug */,
				992405222771139400CF0946 /* Release */,
			);
			defaultConfigurationIsVisible = 0;
			defaultConfigurationName = Release;
		};
		99C9B5432795F3AE00048C33 /* Build configuration list for PBXNativeTarget "SkinfeelPartial" */ = {
			isa = XCConfigurationList;
			buildConfigurations = (
				99C9B5442795F3AE00048C33 /* Debug */,
				99C9B5452795F3AE00048C33 /* Release */,
			);
			defaultConfigurationIsVisible = 0;
			defaultConfigurationName = Release;
		};
/* End XCConfigurationList section */

/* Begin XCVersionGroup section */
		99C9B5362795F3AB00048C33 /* SkinfeelPartial.xcdatamodeld */ = {
			isa = XCVersionGroup;
			children = (
				99C9B5372795F3AB00048C33 /* SkinfeelPartial.xcdatamodel */,
			);
			currentVersion = 99C9B5372795F3AB00048C33 /* SkinfeelPartial.xcdatamodel */;
			path = SkinfeelPartial.xcdatamodeld;
			sourceTree = "<group>";
			versionGroupType = wrapper.xcdatamodel;
		};
		A0504178278CDE1600BCF86C /* CoreDataModel.xcdatamodeld */ = {
			isa = XCVersionGroup;
			children = (
				A0504179278CDE1600BCF86C /* CoreDataModel.xcdatamodel */,
			);
			currentVersion = A0504179278CDE1600BCF86C /* CoreDataModel.xcdatamodel */;
			path = CoreDataModel.xcdatamodeld;
			sourceTree = "<group>";
			versionGroupType = wrapper.xcdatamodel;
		};
/* End XCVersionGroup section */
	};
	rootObject = 992405012771139200CF0946 /* Project object */;
}
